PODS:
  - APAddressBook (0.1.4):
    - APAddressBook/Core
  - APAddressBook/Core (0.1.4)
  - CMPopTipView (2.2.0)
  - HexColors (2.2.1)
  - JSQMessagesViewController (6.0.0):
    - JSQSystemSoundPlayer (~> 2.0.0)
  - JSQSystemSoundPlayer (2.0.0)
  - libPhoneNumber-iOS (0.7.3)
  - MSCellAccessory (1.1.2)
  - TSMessages (0.9.11):
    - HexColors

DEPENDENCIES:
  - APAddressBook
  - CMPopTipView (~> 2.2)
  - JSQMessagesViewController
  - libPhoneNumber-iOS (~> 0.7)
  - MSCellAccessory
  - TSMessages

SPEC CHECKSUMS:
  APAddressBook: 2b23557950065f8eb048e421dd4a18373f69949b
  CMPopTipView: f731ea93316c4f964d3d5d8e71b4ba0ae30bf5a4
  HexColors: 01384d2bbe8dc4ffa43c3b4135db6e976952d153
  JSQMessagesViewController: 61c8defbe86f3859f796146f082f8231dad8de66
  JSQSystemSoundPlayer: c98443b1cbb3b45db09d0d3d6c2355cf78294981
  libPhoneNumber-iOS: 98fc07d70c8fdb5e6a8e3442c37e97353065c20e
  MSCellAccessory: 5f5b839e14bbd5de6c3dacb4b0d3ae5a63741778
  TSMessages: e21ef5b1c7518cc590a4826c8b05b16b79b10c2c

COCOAPODS: 0.34.4
