// !$*UTF8*$!
{
	archiveVersion = 1;
	classes = {
	};
	objectVersion = 46;
	objects = {

/* Begin PBXBuildFile section */
		AC004E7B19AA032E00970D00 /* sativa.png in Resources */ = {isa = PBXBuildFile; fileRef = AC004E7A19AA032E00970D00 /* sativa.png */; };
		AC004E7D19AA53EE00970D00 /* geometry2.png in Resources */ = {isa = PBXBuildFile; fileRef = AC004E7C19AA53EE00970D00 /* geometry2.png */; };
		AC004E7F19AD1BED00970D00 /* ReminderItemCell.xib in Resources */ = {isa = PBXBuildFile; fileRef = AC004E7E19AD1BED00970D00 /* ReminderItemCell.xib */; };
		AC004E8319AE5F2400970D00 /* ReminderItemCell.swift in Sources */ = {isa = PBXBuildFile; fileRef = AC004E8219AE5F2400970D00 /* ReminderItemCell.swift */; };
		AC00831919DDD70A002EC27C /* MHPrettyDate.strings in Resources */ = {isa = PBXBuildFile; fileRef = AC00831319DDD70A002EC27C /* MHPrettyDate.strings */; };
		AC00831A19DDD70A002EC27C /* MHPrettyDate.m in Sources */ = {isa = PBXBuildFile; fileRef = AC00831719DDD70A002EC27C /* MHPrettyDate.m */; };
		AC0C72AE198E63E100B803B5 /* RegisterViewController.swift in Sources */ = {isa = PBXBuildFile; fileRef = AC0C72AD198E63E100B803B5 /* RegisterViewController.swift */; };
		AC0C72C1198E9C7A00B803B5 /* AudioToolbox.framework in Frameworks */ = {isa = PBXBuildFile; fileRef = AC0C72C0198E9C7A00B803B5 /* AudioToolbox.framework */; };
		AC0C72C3198E9C8700B803B5 /* CFNetwork.framework in Frameworks */ = {isa = PBXBuildFile; fileRef = AC0C72C2198E9C8700B803B5 /* CFNetwork.framework */; };
		AC0C72C5198E9C9400B803B5 /* CoreGraphics.framework in Frameworks */ = {isa = PBXBuildFile; fileRef = AC0C72C4198E9C9400B803B5 /* CoreGraphics.framework */; };
		AC0C72C7198E9C9F00B803B5 /* CoreLocation.framework in Frameworks */ = {isa = PBXBuildFile; fileRef = AC0C72C6198E9C9F00B803B5 /* CoreLocation.framework */; };
		AC0C72C9198E9CAA00B803B5 /* libz.dylib in Frameworks */ = {isa = PBXBuildFile; fileRef = AC0C72C8198E9CAA00B803B5 /* libz.dylib */; };
		AC0C72CB198E9CCF00B803B5 /* MobileCoreServices.framework in Frameworks */ = {isa = PBXBuildFile; fileRef = AC0C72CA198E9CCF00B803B5 /* MobileCoreServices.framework */; };
		AC0C72CD198E9CD900B803B5 /* QuartzCore.framework in Frameworks */ = {isa = PBXBuildFile; fileRef = AC0C72CC198E9CD900B803B5 /* QuartzCore.framework */; };
		AC0C72CF198E9CE300B803B5 /* Security.framework in Frameworks */ = {isa = PBXBuildFile; fileRef = AC0C72CE198E9CE300B803B5 /* Security.framework */; };
		AC0C72D1198E9CEC00B803B5 /* StoreKit.framework in Frameworks */ = {isa = PBXBuildFile; fileRef = AC0C72D0198E9CEC00B803B5 /* StoreKit.framework */; };
		AC0C72D3198E9CF900B803B5 /* SystemConfiguration.framework in Frameworks */ = {isa = PBXBuildFile; fileRef = AC0C72D2198E9CF900B803B5 /* SystemConfiguration.framework */; };
		AC1B48F119AFB24100C7B6B4 /* default-avatar.png in Resources */ = {isa = PBXBuildFile; fileRef = AC1B48EF19AFB24100C7B6B4 /* default-avatar.png */; };
		AC1B48F219AFB24100C7B6B4 /* default-avatar@2x.png in Resources */ = {isa = PBXBuildFile; fileRef = AC1B48F019AFB24100C7B6B4 /* default-avatar@2x.png */; };
		AC1B48F419AFCC9500C7B6B4 /* MessageUI.framework in Frameworks */ = {isa = PBXBuildFile; fileRef = AC1B48F319AFCC9500C7B6B4 /* MessageUI.framework */; };
		AC35BA1419CB6A9B005C3AAD /* Bolts.framework in Frameworks */ = {isa = PBXBuildFile; fileRef = AC35BA1219CB6A9B005C3AAD /* Bolts.framework */; };
		AC35BA1519CB6A9B005C3AAD /* Parse.framework in Frameworks */ = {isa = PBXBuildFile; fileRef = AC35BA1319CB6A9B005C3AAD /* Parse.framework */; };
		AC404ACF19A140B400FBA16B /* lightpaperfibers_@2X.png in Resources */ = {isa = PBXBuildFile; fileRef = AC404ACD19A140B400FBA16B /* lightpaperfibers_@2X.png */; };
		AC404AD019A140B400FBA16B /* lightpaperfibers.png in Resources */ = {isa = PBXBuildFile; fileRef = AC404ACE19A140B400FBA16B /* lightpaperfibers.png */; };
		AC7C4AD219D6D79C00BE25DC /* NSArray+LongestCommonSubsequence.m in Sources */ = {isa = PBXBuildFile; fileRef = AC7C4AD119D6D79C00BE25DC /* NSArray+LongestCommonSubsequence.m */; };
		AC86751619A7DC19008CFCA8 /* clouds.jpg in Resources */ = {isa = PBXBuildFile; fileRef = AC86751519A7DC19008CFCA8 /* clouds.jpg */; };
		ACA0DEBA19DC21D00003B893 /* StaticDataTableViewController.m in Sources */ = {isa = PBXBuildFile; fileRef = ACA0DEB819DC21D00003B893 /* StaticDataTableViewController.m */; };
		ACA2FFA0198FFBD60098A5D5 /* NBAsYouTypeFormatter.m in Sources */ = {isa = PBXBuildFile; fileRef = ACA2FF92198FFBD60098A5D5 /* NBAsYouTypeFormatter.m */; };
		ACA2FFA1198FFBD60098A5D5 /* NBNumberFormat.m in Sources */ = {isa = PBXBuildFile; fileRef = ACA2FF94198FFBD60098A5D5 /* NBNumberFormat.m */; };
		ACA2FFA2198FFBD60098A5D5 /* NBPhoneMetaData.m in Sources */ = {isa = PBXBuildFile; fileRef = ACA2FF96198FFBD60098A5D5 /* NBPhoneMetaData.m */; };
		ACA2FFA3198FFBD60098A5D5 /* NBPhoneNumber.m in Sources */ = {isa = PBXBuildFile; fileRef = ACA2FF98198FFBD60098A5D5 /* NBPhoneNumber.m */; };
		ACA2FFA4198FFBD60098A5D5 /* NBPhoneNumberDesc.m in Sources */ = {isa = PBXBuildFile; fileRef = ACA2FF9B198FFBD60098A5D5 /* NBPhoneNumberDesc.m */; };
		ACA2FFA5198FFBD60098A5D5 /* NBPhoneNumberUtil.m in Sources */ = {isa = PBXBuildFile; fileRef = ACA2FF9D198FFBD60098A5D5 /* NBPhoneNumberUtil.m */; };
		ACA2FFA6198FFBD60098A5D5 /* NSArray+NBAdditions.m in Sources */ = {isa = PBXBuildFile; fileRef = ACA2FF9F198FFBD60098A5D5 /* NSArray+NBAdditions.m */; };
		ACA2FFAB198FFC590098A5D5 /* NBPhoneNumberMetadata.plist in Resources */ = {isa = PBXBuildFile; fileRef = ACA2FFA9198FFC590098A5D5 /* NBPhoneNumberMetadata.plist */; };
		ACA2FFAC198FFC590098A5D5 /* NBPhoneNumberMetadataForTesting.plist in Resources */ = {isa = PBXBuildFile; fileRef = ACA2FFAA198FFC590098A5D5 /* NBPhoneNumberMetadataForTesting.plist */; };
		ACA925AB1996C8BD00FA86A1 /* sent.png in Resources */ = {isa = PBXBuildFile; fileRef = ACA925A51996C8BD00FA86A1 /* sent.png */; };
		ACA925AC1996C8BD00FA86A1 /* sending@2x.png in Resources */ = {isa = PBXBuildFile; fileRef = ACA925A61996C8BD00FA86A1 /* sending@2x.png */; };
		ACA925AD1996C8BD00FA86A1 /* sent@2x.png in Resources */ = {isa = PBXBuildFile; fileRef = ACA925A71996C8BD00FA86A1 /* sent@2x.png */; };
		ACA925AE1996C8BD00FA86A1 /* received.png in Resources */ = {isa = PBXBuildFile; fileRef = ACA925A81996C8BD00FA86A1 /* received.png */; };
		ACA925AF1996C8BD00FA86A1 /* sending.png in Resources */ = {isa = PBXBuildFile; fileRef = ACA925A91996C8BD00FA86A1 /* sending.png */; };
		ACA925B01996C8BD00FA86A1 /* received@2x.png in Resources */ = {isa = PBXBuildFile; fileRef = ACA925AA1996C8BD00FA86A1 /* received@2x.png */; };
		ACAE74CF19A7C21A00072BF5 /* colors.jpg in Resources */ = {isa = PBXBuildFile; fileRef = ACAE74CE19A7C21A00072BF5 /* colors.jpg */; };
		ACAE74D219A7C69600072BF5 /* UIImage+ImageEffects.m in Sources */ = {isa = PBXBuildFile; fileRef = ACAE74D119A7C69600072BF5 /* UIImage+ImageEffects.m */; };
		ACD60AFE19C78886002F550A /* UDOReminderManager.swift in Sources */ = {isa = PBXBuildFile; fileRef = ACD60AF119C78886002F550A /* UDOReminderManager.swift */; };
		ACD60AFF19C78886002F550A /* RemindersMainViewController.swift in Sources */ = {isa = PBXBuildFile; fileRef = ACD60AF219C78886002F550A /* RemindersMainViewController.swift */; };
		ACD60B0019C78886002F550A /* AccountViewController.swift in Sources */ = {isa = PBXBuildFile; fileRef = ACD60AF319C78886002F550A /* AccountViewController.swift */; };
		ACD60B0419C78886002F550A /* settings.png in Resources */ = {isa = PBXBuildFile; fileRef = ACD60AF719C78886002F550A /* settings.png */; };
		ACD60B0519C78886002F550A /* settings@2x.png in Resources */ = {isa = PBXBuildFile; fileRef = ACD60AF819C78886002F550A /* settings@2x.png */; };
		ACD60B0819C78886002F550A /* checkmark.png in Resources */ = {isa = PBXBuildFile; fileRef = ACD60AFB19C78886002F550A /* checkmark.png */; };
		ACD60B0919C78886002F550A /* checkmark@2x.png in Resources */ = {isa = PBXBuildFile; fileRef = ACD60AFC19C78886002F550A /* checkmark@2x.png */; };
		ACD60B0A19C78886002F550A /* ContactsHelper.swift in Sources */ = {isa = PBXBuildFile; fileRef = ACD60AFD19C78886002F550A /* ContactsHelper.swift */; };
		ACD60B0D19CA0AAF002F550A /* udo.png in Resources */ = {isa = PBXBuildFile; fileRef = ACD60B0B19CA0AAF002F550A /* udo.png */; };
		ACD60B0E19CA0AAF002F550A /* udo@2x.png in Resources */ = {isa = PBXBuildFile; fileRef = ACD60B0C19CA0AAF002F550A /* udo@2x.png */; };
		ACE869221992CB5C00F26D67 /* ReminderViewController.swift in Sources */ = {isa = PBXBuildFile; fileRef = ACE869211992CB5C00F26D67 /* ReminderViewController.swift */; };
		ACF35C3C19A3E92E00831391 /* plus@2x.png in Resources */ = {isa = PBXBuildFile; fileRef = ACF35C3A19A3E92E00831391 /* plus@2x.png */; };
		ACF35C3D19A3E92E00831391 /* plus.png in Resources */ = {isa = PBXBuildFile; fileRef = ACF35C3B19A3E92E00831391 /* plus.png */; };
		ACF35C4019A3EC9C00831391 /* FXBlurView.m in Sources */ = {isa = PBXBuildFile; fileRef = ACF35C3F19A3EC9C00831391 /* FXBlurView.m */; };
		ACF9BDEB19CEBE6C00E28504 /* UDOModels.swift in Sources */ = {isa = PBXBuildFile; fileRef = ACF9BDEA19CEBE6C00E28504 /* UDOModels.swift */; };
		ACF9BDED19D33D8A00E28504 /* add.png in Resources */ = {isa = PBXBuildFile; fileRef = ACF9BDEC19D33D8A00E28504 /* add.png */; };
		ACFB6C2B198AB7BB0091E4AB /* AppDelegate.swift in Sources */ = {isa = PBXBuildFile; fileRef = ACFB6C2A198AB7BB0091E4AB /* AppDelegate.swift */; };
		ACFB6C32198AB7BB0091E4AB /* Main.storyboard in Resources */ = {isa = PBXBuildFile; fileRef = ACFB6C30198AB7BB0091E4AB /* Main.storyboard */; };
		ACFB6C34198AB7BB0091E4AB /* Images.xcassets in Resources */ = {isa = PBXBuildFile; fileRef = ACFB6C33198AB7BB0091E4AB /* Images.xcassets */; };
		ACFB6C40198AB7BC0091E4AB /* udoTests.swift in Sources */ = {isa = PBXBuildFile; fileRef = ACFB6C3F198AB7BC0091E4AB /* udoTests.swift */; };
		ACFB6C4A198ACE2E0091E4AB /* ContactsViewController.swift in Sources */ = {isa = PBXBuildFile; fileRef = ACFB6C49198ACE2E0091E4AB /* ContactsViewController.swift */; };
/* End PBXBuildFile section */

/* Begin PBXContainerItemProxy section */
		ACFB6C3A198AB7BC0091E4AB /* PBXContainerItemProxy */ = {
			isa = PBXContainerItemProxy;
			containerPortal = ACFB6C1D198AB7BB0091E4AB /* Project object */;
			proxyType = 1;
			remoteGlobalIDString = ACFB6C24198AB7BB0091E4AB;
			remoteInfo = udo;
		};
/* End PBXContainerItemProxy section */

/* Begin PBXFileReference section */
		AC004E7A19AA032E00970D00 /* sativa.png */ = {isa = PBXFileReference; lastKnownFileType = image.png; path = sativa.png; sourceTree = "<group>"; };
		AC004E7C19AA53EE00970D00 /* geometry2.png */ = {isa = PBXFileReference; lastKnownFileType = image.png; path = geometry2.png; sourceTree = "<group>"; };
		AC004E7E19AD1BED00970D00 /* ReminderItemCell.xib */ = {isa = PBXFileReference; fileEncoding = 4; lastKnownFileType = file.xib; path = ReminderItemCell.xib; sourceTree = "<group>"; };
		AC004E8219AE5F2400970D00 /* ReminderItemCell.swift */ = {isa = PBXFileReference; fileEncoding = 4; lastKnownFileType = sourcecode.swift; path = ReminderItemCell.swift; sourceTree = "<group>"; };
		AC00831419DDD70A002EC27C /* en */ = {isa = PBXFileReference; lastKnownFileType = text.plist.strings; name = en; path = en.lproj/MHPrettyDate.strings; sourceTree = "<group>"; };
		AC00831519DDD70A002EC27C /* MHPrettyDate-Prefix.pch */ = {isa = PBXFileReference; fileEncoding = 4; lastKnownFileType = sourcecode.c.h; path = "MHPrettyDate-Prefix.pch"; sourceTree = "<group>"; };
		AC00831619DDD70A002EC27C /* MHPrettyDate.h */ = {isa = PBXFileReference; fileEncoding = 4; lastKnownFileType = sourcecode.c.h; path = MHPrettyDate.h; sourceTree = "<group>"; };
		AC00831719DDD70A002EC27C /* MHPrettyDate.m */ = {isa = PBXFileReference; fileEncoding = 4; lastKnownFileType = sourcecode.c.objc; path = MHPrettyDate.m; sourceTree = "<group>"; };
		AC00831819DDD70A002EC27C /* nl */ = {isa = PBXFileReference; lastKnownFileType = text.plist.strings; name = nl; path = nl.lproj/MHPrettyDate.strings; sourceTree = "<group>"; };
		AC0C72AA198DA47200B803B5 /* UDO-Bridging-Header.h */ = {isa = PBXFileReference; lastKnownFileType = sourcecode.c.h; path = "UDO-Bridging-Header.h"; sourceTree = "<group>"; };
		AC0C72AD198E63E100B803B5 /* RegisterViewController.swift */ = {isa = PBXFileReference; fileEncoding = 4; lastKnownFileType = sourcecode.swift; path = RegisterViewController.swift; sourceTree = "<group>"; };
		AC0C72C0198E9C7A00B803B5 /* AudioToolbox.framework */ = {isa = PBXFileReference; lastKnownFileType = wrapper.framework; name = AudioToolbox.framework; path = System/Library/Frameworks/AudioToolbox.framework; sourceTree = SDKROOT; };
		AC0C72C2198E9C8700B803B5 /* CFNetwork.framework */ = {isa = PBXFileReference; lastKnownFileType = wrapper.framework; name = CFNetwork.framework; path = System/Library/Frameworks/CFNetwork.framework; sourceTree = SDKROOT; };
		AC0C72C4198E9C9400B803B5 /* CoreGraphics.framework */ = {isa = PBXFileReference; lastKnownFileType = wrapper.framework; name = CoreGraphics.framework; path = System/Library/Frameworks/CoreGraphics.framework; sourceTree = SDKROOT; };
		AC0C72C6198E9C9F00B803B5 /* CoreLocation.framework */ = {isa = PBXFileReference; lastKnownFileType = wrapper.framework; name = CoreLocation.framework; path = System/Library/Frameworks/CoreLocation.framework; sourceTree = SDKROOT; };
		AC0C72C8198E9CAA00B803B5 /* libz.dylib */ = {isa = PBXFileReference; lastKnownFileType = "compiled.mach-o.dylib"; name = libz.dylib; path = usr/lib/libz.dylib; sourceTree = SDKROOT; };
		AC0C72CA198E9CCF00B803B5 /* MobileCoreServices.framework */ = {isa = PBXFileReference; lastKnownFileType = wrapper.framework; name = MobileCoreServices.framework; path = System/Library/Frameworks/MobileCoreServices.framework; sourceTree = SDKROOT; };
		AC0C72CC198E9CD900B803B5 /* QuartzCore.framework */ = {isa = PBXFileReference; lastKnownFileType = wrapper.framework; name = QuartzCore.framework; path = System/Library/Frameworks/QuartzCore.framework; sourceTree = SDKROOT; };
		AC0C72CE198E9CE300B803B5 /* Security.framework */ = {isa = PBXFileReference; lastKnownFileType = wrapper.framework; name = Security.framework; path = System/Library/Frameworks/Security.framework; sourceTree = SDKROOT; };
		AC0C72D0198E9CEC00B803B5 /* StoreKit.framework */ = {isa = PBXFileReference; lastKnownFileType = wrapper.framework; name = StoreKit.framework; path = System/Library/Frameworks/StoreKit.framework; sourceTree = SDKROOT; };
		AC0C72D2198E9CF900B803B5 /* SystemConfiguration.framework */ = {isa = PBXFileReference; lastKnownFileType = wrapper.framework; name = SystemConfiguration.framework; path = System/Library/Frameworks/SystemConfiguration.framework; sourceTree = SDKROOT; };
		AC1B48EF19AFB24100C7B6B4 /* default-avatar.png */ = {isa = PBXFileReference; lastKnownFileType = image.png; path = "default-avatar.png"; sourceTree = "<group>"; };
		AC1B48F019AFB24100C7B6B4 /* default-avatar@2x.png */ = {isa = PBXFileReference; lastKnownFileType = image.png; path = "default-avatar@2x.png"; sourceTree = "<group>"; };
		AC1B48F319AFCC9500C7B6B4 /* MessageUI.framework */ = {isa = PBXFileReference; lastKnownFileType = wrapper.framework; name = MessageUI.framework; path = System/Library/Frameworks/MessageUI.framework; sourceTree = SDKROOT; };
		AC35BA1219CB6A9B005C3AAD /* Bolts.framework */ = {isa = PBXFileReference; lastKnownFileType = wrapper.framework; name = Bolts.framework; path = udo/Bolts.framework; sourceTree = "<group>"; };
		AC35BA1319CB6A9B005C3AAD /* Parse.framework */ = {isa = PBXFileReference; lastKnownFileType = wrapper.framework; name = Parse.framework; path = udo/Parse.framework; sourceTree = "<group>"; };
		AC404ACD19A140B400FBA16B /* lightpaperfibers_@2X.png */ = {isa = PBXFileReference; lastKnownFileType = image.png; path = "lightpaperfibers_@2X.png"; sourceTree = "<group>"; };
		AC404ACE19A140B400FBA16B /* lightpaperfibers.png */ = {isa = PBXFileReference; lastKnownFileType = image.png; path = lightpaperfibers.png; sourceTree = "<group>"; };
		AC7C4AD019D6D79C00BE25DC /* NSArray+LongestCommonSubsequence.h */ = {isa = PBXFileReference; fileEncoding = 4; lastKnownFileType = sourcecode.c.h; path = "NSArray+LongestCommonSubsequence.h"; sourceTree = "<group>"; };
		AC7C4AD119D6D79C00BE25DC /* NSArray+LongestCommonSubsequence.m */ = {isa = PBXFileReference; fileEncoding = 4; lastKnownFileType = sourcecode.c.objc; path = "NSArray+LongestCommonSubsequence.m"; sourceTree = "<group>"; };
		AC86751519A7DC19008CFCA8 /* clouds.jpg */ = {isa = PBXFileReference; lastKnownFileType = image.jpeg; path = clouds.jpg; sourceTree = "<group>"; };
		ACA0DEB819DC21D00003B893 /* StaticDataTableViewController.m */ = {isa = PBXFileReference; fileEncoding = 4; lastKnownFileType = sourcecode.c.objc; path = StaticDataTableViewController.m; sourceTree = "<group>"; };
		ACA0DEB919DC21D00003B893 /* StaticDataTableViewController.h */ = {isa = PBXFileReference; fileEncoding = 4; lastKnownFileType = sourcecode.c.h; path = StaticDataTableViewController.h; sourceTree = "<group>"; };
		ACA2FF91198FFBD60098A5D5 /* NBAsYouTypeFormatter.h */ = {isa = PBXFileReference; fileEncoding = 4; lastKnownFileType = sourcecode.c.h; path = NBAsYouTypeFormatter.h; sourceTree = "<group>"; };
		ACA2FF92198FFBD60098A5D5 /* NBAsYouTypeFormatter.m */ = {isa = PBXFileReference; fileEncoding = 4; lastKnownFileType = sourcecode.c.objc; path = NBAsYouTypeFormatter.m; sourceTree = "<group>"; };
		ACA2FF93198FFBD60098A5D5 /* NBNumberFormat.h */ = {isa = PBXFileReference; fileEncoding = 4; lastKnownFileType = sourcecode.c.h; path = NBNumberFormat.h; sourceTree = "<group>"; };
		ACA2FF94198FFBD60098A5D5 /* NBNumberFormat.m */ = {isa = PBXFileReference; fileEncoding = 4; lastKnownFileType = sourcecode.c.objc; path = NBNumberFormat.m; sourceTree = "<group>"; };
		ACA2FF95198FFBD60098A5D5 /* NBPhoneMetaData.h */ = {isa = PBXFileReference; fileEncoding = 4; lastKnownFileType = sourcecode.c.h; path = NBPhoneMetaData.h; sourceTree = "<group>"; };
		ACA2FF96198FFBD60098A5D5 /* NBPhoneMetaData.m */ = {isa = PBXFileReference; fileEncoding = 4; lastKnownFileType = sourcecode.c.objc; path = NBPhoneMetaData.m; sourceTree = "<group>"; };
		ACA2FF97198FFBD60098A5D5 /* NBPhoneNumber.h */ = {isa = PBXFileReference; fileEncoding = 4; lastKnownFileType = sourcecode.c.h; path = NBPhoneNumber.h; sourceTree = "<group>"; };
		ACA2FF98198FFBD60098A5D5 /* NBPhoneNumber.m */ = {isa = PBXFileReference; fileEncoding = 4; lastKnownFileType = sourcecode.c.objc; path = NBPhoneNumber.m; sourceTree = "<group>"; };
		ACA2FF99198FFBD60098A5D5 /* NBPhoneNumberDefines.h */ = {isa = PBXFileReference; fileEncoding = 4; lastKnownFileType = sourcecode.c.h; path = NBPhoneNumberDefines.h; sourceTree = "<group>"; };
		ACA2FF9A198FFBD60098A5D5 /* NBPhoneNumberDesc.h */ = {isa = PBXFileReference; fileEncoding = 4; lastKnownFileType = sourcecode.c.h; path = NBPhoneNumberDesc.h; sourceTree = "<group>"; };
		ACA2FF9B198FFBD60098A5D5 /* NBPhoneNumberDesc.m */ = {isa = PBXFileReference; fileEncoding = 4; lastKnownFileType = sourcecode.c.objc; path = NBPhoneNumberDesc.m; sourceTree = "<group>"; };
		ACA2FF9C198FFBD60098A5D5 /* NBPhoneNumberUtil.h */ = {isa = PBXFileReference; fileEncoding = 4; lastKnownFileType = sourcecode.c.h; path = NBPhoneNumberUtil.h; sourceTree = "<group>"; };
		ACA2FF9D198FFBD60098A5D5 /* NBPhoneNumberUtil.m */ = {isa = PBXFileReference; fileEncoding = 4; lastKnownFileType = sourcecode.c.objc; path = NBPhoneNumberUtil.m; sourceTree = "<group>"; };
		ACA2FF9E198FFBD60098A5D5 /* NSArray+NBAdditions.h */ = {isa = PBXFileReference; fileEncoding = 4; lastKnownFileType = sourcecode.c.h; path = "NSArray+NBAdditions.h"; sourceTree = "<group>"; };
		ACA2FF9F198FFBD60098A5D5 /* NSArray+NBAdditions.m */ = {isa = PBXFileReference; fileEncoding = 4; lastKnownFileType = sourcecode.c.objc; path = "NSArray+NBAdditions.m"; sourceTree = "<group>"; };
		ACA2FFA9198FFC590098A5D5 /* NBPhoneNumberMetadata.plist */ = {isa = PBXFileReference; lastKnownFileType = file.bplist; path = NBPhoneNumberMetadata.plist; sourceTree = "<group>"; };
		ACA2FFAA198FFC590098A5D5 /* NBPhoneNumberMetadataForTesting.plist */ = {isa = PBXFileReference; lastKnownFileType = file.bplist; path = NBPhoneNumberMetadataForTesting.plist; sourceTree = "<group>"; };
		ACA925A51996C8BD00FA86A1 /* sent.png */ = {isa = PBXFileReference; lastKnownFileType = image.png; path = sent.png; sourceTree = "<group>"; };
		ACA925A61996C8BD00FA86A1 /* sending@2x.png */ = {isa = PBXFileReference; lastKnownFileType = image.png; path = "sending@2x.png"; sourceTree = "<group>"; };
		ACA925A71996C8BD00FA86A1 /* sent@2x.png */ = {isa = PBXFileReference; lastKnownFileType = image.png; path = "sent@2x.png"; sourceTree = "<group>"; };
		ACA925A81996C8BD00FA86A1 /* received.png */ = {isa = PBXFileReference; lastKnownFileType = image.png; path = received.png; sourceTree = "<group>"; };
		ACA925A91996C8BD00FA86A1 /* sending.png */ = {isa = PBXFileReference; lastKnownFileType = image.png; path = sending.png; sourceTree = "<group>"; };
		ACA925AA1996C8BD00FA86A1 /* received@2x.png */ = {isa = PBXFileReference; lastKnownFileType = image.png; path = "received@2x.png"; sourceTree = "<group>"; };
		ACAE74CE19A7C21A00072BF5 /* colors.jpg */ = {isa = PBXFileReference; lastKnownFileType = image.jpeg; path = colors.jpg; sourceTree = "<group>"; };
		ACAE74D019A7C69600072BF5 /* UIImage+ImageEffects.h */ = {isa = PBXFileReference; fileEncoding = 4; lastKnownFileType = sourcecode.c.h; path = "UIImage+ImageEffects.h"; sourceTree = "<group>"; };
		ACAE74D119A7C69600072BF5 /* UIImage+ImageEffects.m */ = {isa = PBXFileReference; fileEncoding = 4; lastKnownFileType = sourcecode.c.objc; path = "UIImage+ImageEffects.m"; sourceTree = "<group>"; };
		ACD60AF119C78886002F550A /* UDOReminderManager.swift */ = {isa = PBXFileReference; fileEncoding = 4; lastKnownFileType = sourcecode.swift; path = UDOReminderManager.swift; sourceTree = "<group>"; };
		ACD60AF219C78886002F550A /* RemindersMainViewController.swift */ = {isa = PBXFileReference; fileEncoding = 4; lastKnownFileType = sourcecode.swift; path = RemindersMainViewController.swift; sourceTree = "<group>"; };
		ACD60AF319C78886002F550A /* AccountViewController.swift */ = {isa = PBXFileReference; fileEncoding = 4; lastKnownFileType = sourcecode.swift; path = AccountViewController.swift; sourceTree = "<group>"; };
		ACD60AF719C78886002F550A /* settings.png */ = {isa = PBXFileReference; lastKnownFileType = image.png; path = settings.png; sourceTree = "<group>"; };
		ACD60AF819C78886002F550A /* settings@2x.png */ = {isa = PBXFileReference; lastKnownFileType = image.png; path = "settings@2x.png"; sourceTree = "<group>"; };
		ACD60AFB19C78886002F550A /* checkmark.png */ = {isa = PBXFileReference; lastKnownFileType = image.png; path = checkmark.png; sourceTree = "<group>"; };
		ACD60AFC19C78886002F550A /* checkmark@2x.png */ = {isa = PBXFileReference; lastKnownFileType = image.png; path = "checkmark@2x.png"; sourceTree = "<group>"; };
		ACD60AFD19C78886002F550A /* ContactsHelper.swift */ = {isa = PBXFileReference; fileEncoding = 4; lastKnownFileType = sourcecode.swift; path = ContactsHelper.swift; sourceTree = "<group>"; };
		ACD60B0B19CA0AAF002F550A /* udo.png */ = {isa = PBXFileReference; lastKnownFileType = image.png; path = udo.png; sourceTree = "<group>"; };
		ACD60B0C19CA0AAF002F550A /* udo@2x.png */ = {isa = PBXFileReference; lastKnownFileType = image.png; path = "udo@2x.png"; sourceTree = "<group>"; };
		ACE869211992CB5C00F26D67 /* ReminderViewController.swift */ = {isa = PBXFileReference; fileEncoding = 4; lastKnownFileType = sourcecode.swift; path = ReminderViewController.swift; sourceTree = "<group>"; };
		ACF35C3A19A3E92E00831391 /* plus@2x.png */ = {isa = PBXFileReference; lastKnownFileType = image.png; path = "plus@2x.png"; sourceTree = "<group>"; };
		ACF35C3B19A3E92E00831391 /* plus.png */ = {isa = PBXFileReference; lastKnownFileType = image.png; path = plus.png; sourceTree = "<group>"; };
		ACF35C3E19A3EC9C00831391 /* FXBlurView.h */ = {isa = PBXFileReference; fileEncoding = 4; lastKnownFileType = sourcecode.c.h; path = FXBlurView.h; sourceTree = "<group>"; };
		ACF35C3F19A3EC9C00831391 /* FXBlurView.m */ = {isa = PBXFileReference; fileEncoding = 4; lastKnownFileType = sourcecode.c.objc; path = FXBlurView.m; sourceTree = "<group>"; };
		ACF9BDEA19CEBE6C00E28504 /* UDOModels.swift */ = {isa = PBXFileReference; fileEncoding = 4; lastKnownFileType = sourcecode.swift; path = UDOModels.swift; sourceTree = "<group>"; };
		ACF9BDEC19D33D8A00E28504 /* add.png */ = {isa = PBXFileReference; lastKnownFileType = image.png; path = add.png; sourceTree = "<group>"; };
		ACFB6C25198AB7BB0091E4AB /* udo.app */ = {isa = PBXFileReference; explicitFileType = wrapper.application; includeInIndex = 0; path = udo.app; sourceTree = BUILT_PRODUCTS_DIR; };
		ACFB6C29198AB7BB0091E4AB /* Info.plist */ = {isa = PBXFileReference; lastKnownFileType = text.plist.xml; path = Info.plist; sourceTree = "<group>"; };
		ACFB6C2A198AB7BB0091E4AB /* AppDelegate.swift */ = {isa = PBXFileReference; lastKnownFileType = sourcecode.swift; path = AppDelegate.swift; sourceTree = "<group>"; };
		ACFB6C31198AB7BB0091E4AB /* Base */ = {isa = PBXFileReference; lastKnownFileType = file.storyboard; name = Base; path = Base.lproj/Main.storyboard; sourceTree = "<group>"; };
		ACFB6C33198AB7BB0091E4AB /* Images.xcassets */ = {isa = PBXFileReference; lastKnownFileType = folder.assetcatalog; path = Images.xcassets; sourceTree = "<group>"; };
		ACFB6C39198AB7BC0091E4AB /* udoTests.xctest */ = {isa = PBXFileReference; explicitFileType = wrapper.cfbundle; includeInIndex = 0; path = udoTests.xctest; sourceTree = BUILT_PRODUCTS_DIR; };
		ACFB6C3E198AB7BC0091E4AB /* Info.plist */ = {isa = PBXFileReference; lastKnownFileType = text.plist.xml; path = Info.plist; sourceTree = "<group>"; };
		ACFB6C3F198AB7BC0091E4AB /* udoTests.swift */ = {isa = PBXFileReference; lastKnownFileType = sourcecode.swift; path = udoTests.swift; sourceTree = "<group>"; };
		ACFB6C49198ACE2E0091E4AB /* ContactsViewController.swift */ = {isa = PBXFileReference; fileEncoding = 4; lastKnownFileType = sourcecode.swift; path = ContactsViewController.swift; sourceTree = "<group>"; };
/* End PBXFileReference section */

/* Begin PBXFrameworksBuildPhase section */
		ACFB6C22198AB7BB0091E4AB /* Frameworks */ = {
			isa = PBXFrameworksBuildPhase;
			buildActionMask = 2147483647;
			files = (
				AC1B48F419AFCC9500C7B6B4 /* MessageUI.framework in Frameworks */,
				AC0C72D3198E9CF900B803B5 /* SystemConfiguration.framework in Frameworks */,
				AC0C72D1198E9CEC00B803B5 /* StoreKit.framework in Frameworks */,
				AC35BA1419CB6A9B005C3AAD /* Bolts.framework in Frameworks */,
				AC0C72CF198E9CE300B803B5 /* Security.framework in Frameworks */,
				AC0C72CD198E9CD900B803B5 /* QuartzCore.framework in Frameworks */,
				AC35BA1519CB6A9B005C3AAD /* Parse.framework in Frameworks */,
				AC0C72CB198E9CCF00B803B5 /* MobileCoreServices.framework in Frameworks */,
				AC0C72C9198E9CAA00B803B5 /* libz.dylib in Frameworks */,
				AC0C72C7198E9C9F00B803B5 /* CoreLocation.framework in Frameworks */,
				AC0C72C5198E9C9400B803B5 /* CoreGraphics.framework in Frameworks */,
				AC0C72C3198E9C8700B803B5 /* CFNetwork.framework in Frameworks */,
				AC0C72C1198E9C7A00B803B5 /* AudioToolbox.framework in Frameworks */,
			);
			runOnlyForDeploymentPostprocessing = 0;
		};
		ACFB6C36198AB7BC0091E4AB /* Frameworks */ = {
			isa = PBXFrameworksBuildPhase;
			buildActionMask = 2147483647;
			files = (
			);
			runOnlyForDeploymentPostprocessing = 0;
		};
/* End PBXFrameworksBuildPhase section */

/* Begin PBXGroup section */
		AC00831219DDD70A002EC27C /* MHPrettyDate */ = {
			isa = PBXGroup;
			children = (
				AC00831319DDD70A002EC27C /* MHPrettyDate.strings */,
				AC00831519DDD70A002EC27C /* MHPrettyDate-Prefix.pch */,
				AC00831619DDD70A002EC27C /* MHPrettyDate.h */,
				AC00831719DDD70A002EC27C /* MHPrettyDate.m */,
			);
			path = MHPrettyDate;
			sourceTree = "<group>";
		};
		AC7C4AD319D6D7A300BE25DC /* NSArray+LongestCommonSubsequence */ = {
			isa = PBXGroup;
			children = (
				AC7C4AD019D6D79C00BE25DC /* NSArray+LongestCommonSubsequence.h */,
				AC7C4AD119D6D79C00BE25DC /* NSArray+LongestCommonSubsequence.m */,
			);
			name = "NSArray+LongestCommonSubsequence";
			sourceTree = "<group>";
		};
		ACA0DEBB19DC21DB0003B893 /* StaticDataTableViewController */ = {
			isa = PBXGroup;
			children = (
				ACA0DEB819DC21D00003B893 /* StaticDataTableViewController.m */,
				ACA0DEB919DC21D00003B893 /* StaticDataTableViewController.h */,
			);
			name = StaticDataTableViewController;
			sourceTree = "<group>";
		};
		ACA2FF90198FFBC10098A5D5 /* libPhoneNumber */ = {
			isa = PBXGroup;
			children = (
				ACA2FFAD198FFD070098A5D5 /* Metadata Classes */,
				ACA2FF91198FFBD60098A5D5 /* NBAsYouTypeFormatter.h */,
				ACA2FF92198FFBD60098A5D5 /* NBAsYouTypeFormatter.m */,
				ACA2FF93198FFBD60098A5D5 /* NBNumberFormat.h */,
				ACA2FF94198FFBD60098A5D5 /* NBNumberFormat.m */,
				ACA2FF95198FFBD60098A5D5 /* NBPhoneMetaData.h */,
				ACA2FF96198FFBD60098A5D5 /* NBPhoneMetaData.m */,
				ACA2FF97198FFBD60098A5D5 /* NBPhoneNumber.h */,
				ACA2FF98198FFBD60098A5D5 /* NBPhoneNumber.m */,
				ACA2FF99198FFBD60098A5D5 /* NBPhoneNumberDefines.h */,
				ACA2FF9A198FFBD60098A5D5 /* NBPhoneNumberDesc.h */,
				ACA2FF9B198FFBD60098A5D5 /* NBPhoneNumberDesc.m */,
				ACA2FF9C198FFBD60098A5D5 /* NBPhoneNumberUtil.h */,
				ACA2FF9D198FFBD60098A5D5 /* NBPhoneNumberUtil.m */,
				ACA2FF9E198FFBD60098A5D5 /* NSArray+NBAdditions.h */,
				ACA2FF9F198FFBD60098A5D5 /* NSArray+NBAdditions.m */,
			);
			name = libPhoneNumber;
			sourceTree = "<group>";
		};
		ACA2FFAD198FFD070098A5D5 /* Metadata Classes */ = {
			isa = PBXGroup;
			children = (
				ACA2FFA9198FFC590098A5D5 /* NBPhoneNumberMetadata.plist */,
				ACA2FFAA198FFC590098A5D5 /* NBPhoneNumberMetadataForTesting.plist */,
			);
			name = "Metadata Classes";
			sourceTree = "<group>";
		};
		ACA9259C1996C24C00FA86A1 /* images */ = {
			isa = PBXGroup;
			children = (
				ACF9BDEC19D33D8A00E28504 /* add.png */,
				ACD60B0B19CA0AAF002F550A /* udo.png */,
				ACD60B0C19CA0AAF002F550A /* udo@2x.png */,
				ACD60AF719C78886002F550A /* settings.png */,
				ACD60AF819C78886002F550A /* settings@2x.png */,
				ACD60AFB19C78886002F550A /* checkmark.png */,
				ACD60AFC19C78886002F550A /* checkmark@2x.png */,
				AC86751519A7DC19008CFCA8 /* clouds.jpg */,
				ACAE74CE19A7C21A00072BF5 /* colors.jpg */,
				AC1B48EF19AFB24100C7B6B4 /* default-avatar.png */,
				AC1B48F019AFB24100C7B6B4 /* default-avatar@2x.png */,
				AC004E7A19AA032E00970D00 /* sativa.png */,
				ACF35C3A19A3E92E00831391 /* plus@2x.png */,
				ACF35C3B19A3E92E00831391 /* plus.png */,
				AC004E7C19AA53EE00970D00 /* geometry2.png */,
				AC404ACD19A140B400FBA16B /* lightpaperfibers_@2X.png */,
				AC404ACE19A140B400FBA16B /* lightpaperfibers.png */,
				ACA925A51996C8BD00FA86A1 /* sent.png */,
				ACA925A61996C8BD00FA86A1 /* sending@2x.png */,
				ACA925A71996C8BD00FA86A1 /* sent@2x.png */,
				ACA925A81996C8BD00FA86A1 /* received.png */,
				ACA925A91996C8BD00FA86A1 /* sending.png */,
				ACA925AA1996C8BD00FA86A1 /* received@2x.png */,
			);
			name = images;
			sourceTree = "<group>";
		};
		ACAE74D319A7C69C00072BF5 /* UIImage+ImageEffects */ = {
			isa = PBXGroup;
			children = (
				ACAE74D019A7C69600072BF5 /* UIImage+ImageEffects.h */,
				ACAE74D119A7C69600072BF5 /* UIImage+ImageEffects.m */,
			);
			name = "UIImage+ImageEffects";
			sourceTree = "<group>";
		};
		ACF35C4119A3ECA200831391 /* FXBlurView */ = {
			isa = PBXGroup;
			children = (
				ACF35C3E19A3EC9C00831391 /* FXBlurView.h */,
				ACF35C3F19A3EC9C00831391 /* FXBlurView.m */,
			);
			name = FXBlurView;
			sourceTree = "<group>";
		};
		ACFB6C1C198AB7BB0091E4AB = {
			isa = PBXGroup;
			children = (
				AC0C72AA198DA47200B803B5 /* UDO-Bridging-Header.h */,
				ACFB6C27198AB7BB0091E4AB /* udo */,
				ACFB6C3C198AB7BC0091E4AB /* udoTests */,
				ACFB6C26198AB7BB0091E4AB /* Products */,
				AC0C72C8198E9CAA00B803B5 /* libz.dylib */,
				AC35BA1219CB6A9B005C3AAD /* Bolts.framework */,
				AC35BA1319CB6A9B005C3AAD /* Parse.framework */,
				AC1B48F319AFCC9500C7B6B4 /* MessageUI.framework */,
				AC0C72D2198E9CF900B803B5 /* SystemConfiguration.framework */,
				AC0C72D0198E9CEC00B803B5 /* StoreKit.framework */,
				AC0C72CE198E9CE300B803B5 /* Security.framework */,
				AC0C72CC198E9CD900B803B5 /* QuartzCore.framework */,
				AC0C72CA198E9CCF00B803B5 /* MobileCoreServices.framework */,
				AC0C72C6198E9C9F00B803B5 /* CoreLocation.framework */,
				AC0C72C4198E9C9400B803B5 /* CoreGraphics.framework */,
				AC0C72C2198E9C8700B803B5 /* CFNetwork.framework */,
				AC0C72C0198E9C7A00B803B5 /* AudioToolbox.framework */,
			);
			sourceTree = "<group>";
		};
		ACFB6C26198AB7BB0091E4AB /* Products */ = {
			isa = PBXGroup;
			children = (
				ACFB6C25198AB7BB0091E4AB /* udo.app */,
				ACFB6C39198AB7BC0091E4AB /* udoTests.xctest */,
			);
			name = Products;
			sourceTree = "<group>";
		};
		ACFB6C27198AB7BB0091E4AB /* udo */ = {
			isa = PBXGroup;
			children = (
				ACF9BDEA19CEBE6C00E28504 /* UDOModels.swift */,
				ACD60AF119C78886002F550A /* UDOReminderManager.swift */,
				ACD60AF319C78886002F550A /* AccountViewController.swift */,
				ACD60AFD19C78886002F550A /* ContactsHelper.swift */,
				ACFB6C2A198AB7BB0091E4AB /* AppDelegate.swift */,
				ACFB6C49198ACE2E0091E4AB /* ContactsViewController.swift */,
				ACE869211992CB5C00F26D67 /* ReminderViewController.swift */,
				ACD60AF219C78886002F550A /* RemindersMainViewController.swift */,
				AC0C72AD198E63E100B803B5 /* RegisterViewController.swift */,
				ACFB6C30198AB7BB0091E4AB /* Main.storyboard */,
				AC004E8219AE5F2400970D00 /* ReminderItemCell.swift */,
				AC004E7E19AD1BED00970D00 /* ReminderItemCell.xib */,
				AC00831219DDD70A002EC27C /* MHPrettyDate */,
				ACA0DEBB19DC21DB0003B893 /* StaticDataTableViewController */,
				AC7C4AD319D6D7A300BE25DC /* NSArray+LongestCommonSubsequence */,
				ACAE74D319A7C69C00072BF5 /* UIImage+ImageEffects */,
				ACF35C4119A3ECA200831391 /* FXBlurView */,
				ACA9259C1996C24C00FA86A1 /* images */,
				ACA2FF90198FFBC10098A5D5 /* libPhoneNumber */,
				ACFB6C33198AB7BB0091E4AB /* Images.xcassets */,
				ACFB6C28198AB7BB0091E4AB /* Supporting Files */,
			);
			path = udo;
			sourceTree = "<group>";
		};
		ACFB6C28198AB7BB0091E4AB /* Supporting Files */ = {
			isa = PBXGroup;
			children = (
				ACFB6C29198AB7BB0091E4AB /* Info.plist */,
			);
			name = "Supporting Files";
			sourceTree = "<group>";
		};
		ACFB6C3C198AB7BC0091E4AB /* udoTests */ = {
			isa = PBXGroup;
			children = (
				ACFB6C3F198AB7BC0091E4AB /* udoTests.swift */,
				ACFB6C3D198AB7BC0091E4AB /* Supporting Files */,
			);
			path = udoTests;
			sourceTree = "<group>";
		};
		ACFB6C3D198AB7BC0091E4AB /* Supporting Files */ = {
			isa = PBXGroup;
			children = (
				ACFB6C3E198AB7BC0091E4AB /* Info.plist */,
			);
			name = "Supporting Files";
			sourceTree = "<group>";
		};
/* End PBXGroup section */

/* Begin PBXNativeTarget section */
		ACFB6C24198AB7BB0091E4AB /* udo */ = {
			isa = PBXNativeTarget;
			buildConfigurationList = ACFB6C43198AB7BC0091E4AB /* Build configuration list for PBXNativeTarget "udo" */;
			buildPhases = (
				ACFB6C21198AB7BB0091E4AB /* Sources */,
				ACFB6C22198AB7BB0091E4AB /* Frameworks */,
				ACFB6C23198AB7BB0091E4AB /* Resources */,
			);
			buildRules = (
			);
			dependencies = (
			);
			name = udo;
			productName = udo;
			productReference = ACFB6C25198AB7BB0091E4AB /* udo.app */;
			productType = "com.apple.product-type.application";
		};
		ACFB6C38198AB7BC0091E4AB /* udoTests */ = {
			isa = PBXNativeTarget;
			buildConfigurationList = ACFB6C46198AB7BC0091E4AB /* Build configuration list for PBXNativeTarget "udoTests" */;
			buildPhases = (
				ACFB6C35198AB7BC0091E4AB /* Sources */,
				ACFB6C36198AB7BC0091E4AB /* Frameworks */,
				ACFB6C37198AB7BC0091E4AB /* Resources */,
			);
			buildRules = (
			);
			dependencies = (
				ACFB6C3B198AB7BC0091E4AB /* PBXTargetDependency */,
			);
			name = udoTests;
			productName = udoTests;
			productReference = ACFB6C39198AB7BC0091E4AB /* udoTests.xctest */;
			productType = "com.apple.product-type.bundle.unit-test";
		};
/* End PBXNativeTarget section */

/* Begin PBXProject section */
		ACFB6C1D198AB7BB0091E4AB /* Project object */ = {
			isa = PBXProject;
			attributes = {
				LastUpgradeCheck = 0600;
				ORGANIZATIONNAME = "Osman Alpay";
				TargetAttributes = {
					ACFB6C24198AB7BB0091E4AB = {
						CreatedOnToolsVersion = 6.0;
						DevelopmentTeam = 57989YHXMF;
						SystemCapabilities = {
							com.apple.BackgroundModes = {
								enabled = 1;
							};
						};
					};
					ACFB6C38198AB7BC0091E4AB = {
						CreatedOnToolsVersion = 6.0;
						TestTargetID = ACFB6C24198AB7BB0091E4AB;
					};
				};
			};
			buildConfigurationList = ACFB6C20198AB7BB0091E4AB /* Build configuration list for PBXProject "udo" */;
			compatibilityVersion = "Xcode 3.2";
			developmentRegion = English;
			hasScannedForEncodings = 0;
			knownRegions = (
				en,
				Base,
				nl,
			);
			mainGroup = ACFB6C1C198AB7BB0091E4AB;
			productRefGroup = ACFB6C26198AB7BB0091E4AB /* Products */;
			projectDirPath = "";
			projectRoot = "";
			targets = (
				ACFB6C24198AB7BB0091E4AB /* udo */,
				ACFB6C38198AB7BC0091E4AB /* udoTests */,
			);
		};
/* End PBXProject section */

/* Begin PBXResourcesBuildPhase section */
		ACFB6C23198AB7BB0091E4AB /* Resources */ = {
			isa = PBXResourcesBuildPhase;
			buildActionMask = 2147483647;
			files = (
				AC1B48F119AFB24100C7B6B4 /* default-avatar.png in Resources */,
				AC404AD019A140B400FBA16B /* lightpaperfibers.png in Resources */,
				ACFB6C32198AB7BB0091E4AB /* Main.storyboard in Resources */,
				ACF9BDED19D33D8A00E28504 /* add.png in Resources */,
				AC86751619A7DC19008CFCA8 /* clouds.jpg in Resources */,
				ACA925B01996C8BD00FA86A1 /* received@2x.png in Resources */,
				ACA925AB1996C8BD00FA86A1 /* sent.png in Resources */,
				ACA925AD1996C8BD00FA86A1 /* sent@2x.png in Resources */,
				ACD60B0919C78886002F550A /* checkmark@2x.png in Resources */,
				AC00831919DDD70A002EC27C /* MHPrettyDate.strings in Resources */,
				ACF35C3D19A3E92E00831391 /* plus.png in Resources */,
				ACA2FFAB198FFC590098A5D5 /* NBPhoneNumberMetadata.plist in Resources */,
				ACD60B0D19CA0AAF002F550A /* udo.png in Resources */,
				AC004E7F19AD1BED00970D00 /* ReminderItemCell.xib in Resources */,
				ACFB6C34198AB7BB0091E4AB /* Images.xcassets in Resources */,
				AC004E7D19AA53EE00970D00 /* geometry2.png in Resources */,
				ACF35C3C19A3E92E00831391 /* plus@2x.png in Resources */,
				AC1B48F219AFB24100C7B6B4 /* default-avatar@2x.png in Resources */,
				ACA925AF1996C8BD00FA86A1 /* sending.png in Resources */,
				ACAE74CF19A7C21A00072BF5 /* colors.jpg in Resources */,
				ACD60B0419C78886002F550A /* settings.png in Resources */,
				ACD60B0E19CA0AAF002F550A /* udo@2x.png in Resources */,
				ACA2FFAC198FFC590098A5D5 /* NBPhoneNumberMetadataForTesting.plist in Resources */,
				ACA925AE1996C8BD00FA86A1 /* received.png in Resources */,
				AC004E7B19AA032E00970D00 /* sativa.png in Resources */,
				ACD60B0819C78886002F550A /* checkmark.png in Resources */,
				ACD60B0519C78886002F550A /* settings@2x.png in Resources */,
				ACA925AC1996C8BD00FA86A1 /* sending@2x.png in Resources */,
				AC404ACF19A140B400FBA16B /* lightpaperfibers_@2X.png in Resources */,
			);
			runOnlyForDeploymentPostprocessing = 0;
		};
		ACFB6C37198AB7BC0091E4AB /* Resources */ = {
			isa = PBXResourcesBuildPhase;
			buildActionMask = 2147483647;
			files = (
			);
			runOnlyForDeploymentPostprocessing = 0;
		};
/* End PBXResourcesBuildPhase section */

/* Begin PBXSourcesBuildPhase section */
		ACFB6C21198AB7BB0091E4AB /* Sources */ = {
			isa = PBXSourcesBuildPhase;
			buildActionMask = 2147483647;
			files = (
				ACA2FFA3198FFBD60098A5D5 /* NBPhoneNumber.m in Sources */,
				ACA2FFA1198FFBD60098A5D5 /* NBNumberFormat.m in Sources */,
				ACF9BDEB19CEBE6C00E28504 /* UDOModels.swift in Sources */,
				ACF35C4019A3EC9C00831391 /* FXBlurView.m in Sources */,
				AC004E8319AE5F2400970D00 /* ReminderItemCell.swift in Sources */,
				ACA2FFA2198FFBD60098A5D5 /* NBPhoneMetaData.m in Sources */,
				ACD60B0019C78886002F550A /* AccountViewController.swift in Sources */,
				ACD60B0A19C78886002F550A /* ContactsHelper.swift in Sources */,
				ACE869221992CB5C00F26D67 /* ReminderViewController.swift in Sources */,
				ACA0DEBA19DC21D00003B893 /* StaticDataTableViewController.m in Sources */,
				AC00831A19DDD70A002EC27C /* MHPrettyDate.m in Sources */,
				AC0C72AE198E63E100B803B5 /* RegisterViewController.swift in Sources */,
				ACFB6C4A198ACE2E0091E4AB /* ContactsViewController.swift in Sources */,
				ACA2FFA5198FFBD60098A5D5 /* NBPhoneNumberUtil.m in Sources */,
				ACA2FFA6198FFBD60098A5D5 /* NSArray+NBAdditions.m in Sources */,
				ACD60AFE19C78886002F550A /* UDOReminderManager.swift in Sources */,
				ACA2FFA0198FFBD60098A5D5 /* NBAsYouTypeFormatter.m in Sources */,
				ACD60AFF19C78886002F550A /* RemindersMainViewController.swift in Sources */,
				AC7C4AD219D6D79C00BE25DC /* NSArray+LongestCommonSubsequence.m in Sources */,
				ACA2FFA4198FFBD60098A5D5 /* NBPhoneNumberDesc.m in Sources */,
				ACAE74D219A7C69600072BF5 /* UIImage+ImageEffects.m in Sources */,
				ACFB6C2B198AB7BB0091E4AB /* AppDelegate.swift in Sources */,
			);
			runOnlyForDeploymentPostprocessing = 0;
		};
		ACFB6C35198AB7BC0091E4AB /* Sources */ = {
			isa = PBXSourcesBuildPhase;
			buildActionMask = 2147483647;
			files = (
				ACFB6C40198AB7BC0091E4AB /* udoTests.swift in Sources */,
			);
			runOnlyForDeploymentPostprocessing = 0;
		};
/* End PBXSourcesBuildPhase section */

/* Begin PBXTargetDependency section */
		ACFB6C3B198AB7BC0091E4AB /* PBXTargetDependency */ = {
			isa = PBXTargetDependency;
			target = ACFB6C24198AB7BB0091E4AB /* udo */;
			targetProxy = ACFB6C3A198AB7BC0091E4AB /* PBXContainerItemProxy */;
		};
/* End PBXTargetDependency section */

/* Begin PBXVariantGroup section */
		AC00831319DDD70A002EC27C /* MHPrettyDate.strings */ = {
			isa = PBXVariantGroup;
			children = (
				AC00831419DDD70A002EC27C /* en */,
				AC00831819DDD70A002EC27C /* nl */,
			);
			name = MHPrettyDate.strings;
			sourceTree = "<group>";
		};
		ACFB6C30198AB7BB0091E4AB /* Main.storyboard */ = {
			isa = PBXVariantGroup;
			children = (
				ACFB6C31198AB7BB0091E4AB /* Base */,
			);
			name = Main.storyboard;
			sourceTree = "<group>";
		};
/* End PBXVariantGroup section */

/* Begin XCBuildConfiguration section */
		ACFB6C41198AB7BC0091E4AB /* Debug */ = {
			isa = XCBuildConfiguration;
			buildSettings = {
				ALWAYS_SEARCH_USER_PATHS = NO;
				CLANG_CXX_LANGUAGE_STANDARD = "gnu++0x";
				CLANG_CXX_LIBRARY = "libc++";
				CLANG_ENABLE_MODULES = YES;
				CLANG_ENABLE_OBJC_ARC = YES;
				CLANG_WARN_BOOL_CONVERSION = YES;
				CLANG_WARN_CONSTANT_CONVERSION = YES;
				CLANG_WARN_DIRECT_OBJC_ISA_USAGE = YES_ERROR;
				CLANG_WARN_EMPTY_BODY = YES;
				CLANG_WARN_ENUM_CONVERSION = YES;
				CLANG_WARN_INT_CONVERSION = YES;
				CLANG_WARN_OBJC_ROOT_CLASS = YES_ERROR;
				CLANG_WARN_UNREACHABLE_CODE = YES;
				CLANG_WARN__DUPLICATE_METHOD_MATCH = YES;
				"CODE_SIGN_IDENTITY[sdk=iphoneos*]" = "iPhone Developer";
				COPY_PHASE_STRIP = NO;
				ENABLE_STRICT_OBJC_MSGSEND = YES;
				GCC_C_LANGUAGE_STANDARD = gnu99;
				GCC_DYNAMIC_NO_PIC = NO;
				GCC_OPTIMIZATION_LEVEL = 0;
				GCC_PREPROCESSOR_DEFINITIONS = (
					"DEBUG=1",
					"$(inherited)",
				);
				GCC_SYMBOLS_PRIVATE_EXTERN = NO;
				GCC_WARN_64_TO_32_BIT_CONVERSION = YES;
				GCC_WARN_ABOUT_RETURN_TYPE = YES_ERROR;
				GCC_WARN_UNDECLARED_SELECTOR = YES;
				GCC_WARN_UNINITIALIZED_AUTOS = YES_AGGRESSIVE;
				GCC_WARN_UNUSED_FUNCTION = YES;
				GCC_WARN_UNUSED_VARIABLE = YES;
				IPHONEOS_DEPLOYMENT_TARGET = 8.0;
				MTL_ENABLE_DEBUG_INFO = YES;
				ONLY_ACTIVE_ARCH = YES;
				SDKROOT = iphoneos;
				SWIFT_OPTIMIZATION_LEVEL = "-Onone";
				TARGETED_DEVICE_FAMILY = "1,2";
			};
			name = Debug;
		};
		ACFB6C42198AB7BC0091E4AB /* Release */ = {
			isa = XCBuildConfiguration;
			buildSettings = {
				ALWAYS_SEARCH_USER_PATHS = NO;
				CLANG_CXX_LANGUAGE_STANDARD = "gnu++0x";
				CLANG_CXX_LIBRARY = "libc++";
				CLANG_ENABLE_MODULES = YES;
				CLANG_ENABLE_OBJC_ARC = YES;
				CLANG_WARN_BOOL_CONVERSION = YES;
				CLANG_WARN_CONSTANT_CONVERSION = YES;
				CLANG_WARN_DIRECT_OBJC_ISA_USAGE = YES_ERROR;
				CLANG_WARN_EMPTY_BODY = YES;
				CLANG_WARN_ENUM_CONVERSION = YES;
				CLANG_WARN_INT_CONVERSION = YES;
				CLANG_WARN_OBJC_ROOT_CLASS = YES_ERROR;
				CLANG_WARN_UNREACHABLE_CODE = YES;
				CLANG_WARN__DUPLICATE_METHOD_MATCH = YES;
				"CODE_SIGN_IDENTITY[sdk=iphoneos*]" = "iPhone Developer";
				COPY_PHASE_STRIP = YES;
				ENABLE_NS_ASSERTIONS = NO;
				ENABLE_STRICT_OBJC_MSGSEND = YES;
				GCC_C_LANGUAGE_STANDARD = gnu99;
				GCC_WARN_64_TO_32_BIT_CONVERSION = YES;
				GCC_WARN_ABOUT_RETURN_TYPE = YES_ERROR;
				GCC_WARN_UNDECLARED_SELECTOR = YES;
				GCC_WARN_UNINITIALIZED_AUTOS = YES_AGGRESSIVE;
				GCC_WARN_UNUSED_FUNCTION = YES;
				GCC_WARN_UNUSED_VARIABLE = YES;
				IPHONEOS_DEPLOYMENT_TARGET = 8.0;
				MTL_ENABLE_DEBUG_INFO = NO;
				SDKROOT = iphoneos;
				TARGETED_DEVICE_FAMILY = "1,2";
				VALIDATE_PRODUCT = YES;
			};
			name = Release;
		};
		ACFB6C44198AB7BC0091E4AB /* Debug */ = {
			isa = XCBuildConfiguration;
			buildSettings = {
				ASSETCATALOG_COMPILER_APPICON_NAME = AppIcon;
				ASSETCATALOG_COMPILER_LAUNCHIMAGE_NAME = LaunchImage;
				CODE_SIGN_IDENTITY = "iPhone Developer: Osman Alpay (63THFCPC5Y)";
				"CODE_SIGN_IDENTITY[sdk=iphoneos*]" = "iPhone Developer: Osman Alpay (63THFCPC5Y)";
				FRAMEWORK_SEARCH_PATHS = (
					"$(inherited)",
					"$(PROJECT_DIR)",
					"$(PROJECT_DIR)/udo",
					"/Users/osman/Documents/pop-master/build/Debug",
				);
				INFOPLIST_FILE = udo/Info.plist;
				IPHONEOS_DEPLOYMENT_TARGET = 7.1;
				LD_RUNPATH_SEARCH_PATHS = "$(inherited) @executable_path/Frameworks";
				PRODUCT_NAME = "$(TARGET_NAME)";
				PROVISIONING_PROFILE = "92bd51a4-12aa-460b-a2bf-8a9c4a4f6f49";
				SWIFT_OBJC_BRIDGING_HEADER = "UDO-Bridging-Header.h";
				"SWIFT_OBJC_BRIDGING_HEADER[arch=*]" = "UDO-Bridging-Header.h";
			};
			name = Debug;
		};
		ACFB6C45198AB7BC0091E4AB /* Release */ = {
			isa = XCBuildConfiguration;
			buildSettings = {
				ASSETCATALOG_COMPILER_APPICON_NAME = AppIcon;
				ASSETCATALOG_COMPILER_LAUNCHIMAGE_NAME = LaunchImage;
				CODE_SIGN_IDENTITY = "iPhone Developer: Osman Alpay (63THFCPC5Y)";
				"CODE_SIGN_IDENTITY[sdk=iphoneos*]" = "iPhone Developer: Osman Alpay (63THFCPC5Y)";
				FRAMEWORK_SEARCH_PATHS = (
					"$(inherited)",
					"$(PROJECT_DIR)",
					"$(PROJECT_DIR)/udo",
					"/Users/osman/Documents/pop-master/build/Debug",
				);
				INFOPLIST_FILE = udo/Info.plist;
				IPHONEOS_DEPLOYMENT_TARGET = 7.1;
				LD_RUNPATH_SEARCH_PATHS = "$(inherited) @executable_path/Frameworks";
				PRODUCT_NAME = "$(TARGET_NAME)";
				PROVISIONING_PROFILE = "92bd51a4-12aa-460b-a2bf-8a9c4a4f6f49";
				"SWIFT_OBJC_BRIDGING_HEADER[arch=*]" = "UDO-Bridging-Header.h";
			};
			name = Release;
		};
		ACFB6C47198AB7BC0091E4AB /* Debug */ = {
			isa = XCBuildConfiguration;
			buildSettings = {
				BUNDLE_LOADER = "$(BUILT_PRODUCTS_DIR)/udo.app/udo";
				FRAMEWORK_SEARCH_PATHS = (
					"$(SDKROOT)/Developer/Library/Frameworks",
					"$(inherited)",
				);
				GCC_PREPROCESSOR_DEFINITIONS = (
					"DEBUG=1",
					"$(inherited)",
				);
				INFOPLIST_FILE = udoTests/Info.plist;
				LD_RUNPATH_SEARCH_PATHS = "$(inherited) @executable_path/Frameworks @loader_path/Frameworks";
				PRODUCT_NAME = "$(TARGET_NAME)";
				TEST_HOST = "$(BUNDLE_LOADER)";
			};
			name = Debug;
		};
		ACFB6C48198AB7BC0091E4AB /* Release */ = {
			isa = XCBuildConfiguration;
			buildSettings = {
				BUNDLE_LOADER = "$(BUILT_PRODUCTS_DIR)/udo.app/udo";
				FRAMEWORK_SEARCH_PATHS = (
					"$(SDKROOT)/Developer/Library/Frameworks",
					"$(inherited)",
				);
				INFOPLIST_FILE = udoTests/Info.plist;
				LD_RUNPATH_SEARCH_PATHS = "$(inherited) @executable_path/Frameworks @loader_path/Frameworks";
				PRODUCT_NAME = "$(TARGET_NAME)";
				TEST_HOST = "$(BUNDLE_LOADER)";
			};
			name = Release;
		};
/* End XCBuildConfiguration section */

/* Begin XCConfigurationList section */
		ACFB6C20198AB7BB0091E4AB /* Build configuration list for PBXProject "udo" */ = {
			isa = XCConfigurationList;
			buildConfigurations = (
				ACFB6C41198AB7BC0091E4AB /* Debug */,
				ACFB6C42198AB7BC0091E4AB /* Release */,
			);
			defaultConfigurationIsVisible = 0;
			defaultConfigurationName = Release;
		};
		ACFB6C43198AB7BC0091E4AB /* Build configuration list for PBXNativeTarget "udo" */ = {
			isa = XCConfigurationList;
			buildConfigurations = (
				ACFB6C44198AB7BC0091E4AB /* Debug */,
				ACFB6C45198AB7BC0091E4AB /* Release */,
			);
			defaultConfigurationIsVisible = 0;
			defaultConfigurationName = Release;
		};
		ACFB6C46198AB7BC0091E4AB /* Build configuration list for PBXNativeTarget "udoTests" */ = {
			isa = XCConfigurationList;
			buildConfigurations = (
				ACFB6C47198AB7BC0091E4AB /* Debug */,
				ACFB6C48198AB7BC0091E4AB /* Release */,
			);
			defaultConfigurationIsVisible = 0;
			defaultConfigurationName = Release;
		};
/* End XCConfigurationList section */
	};
	rootObject = ACFB6C1D198AB7BB0091E4AB /* Project object */;
}
