// !$*UTF8*$!
{
	archiveVersion = 1;
	classes = {
	};
	objectVersion = 46;
	objects = {

/* Begin PBXBuildFile section */
		A02D787095438A4B71D691DA /* libPods.a in Frameworks */ = {isa = PBXBuildFile; fileRef = D19CCFE2A86D1D764998728B /* libPods.a */; };
		AC004E7F19AD1BED00970D00 /* ReminderItemCell.xib in Resources */ = {isa = PBXBuildFile; fileRef = AC004E7E19AD1BED00970D00 /* ReminderItemCell.xib */; };
		AC004E8319AE5F2400970D00 /* ReminderItemCell.swift in Sources */ = {isa = PBXBuildFile; fileRef = AC004E8219AE5F2400970D00 /* ReminderItemCell.swift */; };
		AC00831919DDD70A002EC27C /* MHPrettyDate.strings in Resources */ = {isa = PBXBuildFile; fileRef = AC00831319DDD70A002EC27C /* MHPrettyDate.strings */; };
		AC00831A19DDD70A002EC27C /* MHPrettyDate.m in Sources */ = {isa = PBXBuildFile; fileRef = AC00831719DDD70A002EC27C /* MHPrettyDate.m */; };
		AC0C72AE198E63E100B803B5 /* RegisterViewController.swift in Sources */ = {isa = PBXBuildFile; fileRef = AC0C72AD198E63E100B803B5 /* RegisterViewController.swift */; };
		AC0C72C1198E9C7A00B803B5 /* AudioToolbox.framework in Frameworks */ = {isa = PBXBuildFile; fileRef = AC0C72C0198E9C7A00B803B5 /* AudioToolbox.framework */; };
		AC0C72C3198E9C8700B803B5 /* CFNetwork.framework in Frameworks */ = {isa = PBXBuildFile; fileRef = AC0C72C2198E9C8700B803B5 /* CFNetwork.framework */; };
		AC0C72C5198E9C9400B803B5 /* CoreGraphics.framework in Frameworks */ = {isa = PBXBuildFile; fileRef = AC0C72C4198E9C9400B803B5 /* CoreGraphics.framework */; };
		AC0C72C7198E9C9F00B803B5 /* CoreLocation.framework in Frameworks */ = {isa = PBXBuildFile; fileRef = AC0C72C6198E9C9F00B803B5 /* CoreLocation.framework */; };
		AC0C72C9198E9CAA00B803B5 /* libz.dylib in Frameworks */ = {isa = PBXBuildFile; fileRef = AC0C72C8198E9CAA00B803B5 /* libz.dylib */; };
		AC0C72CB198E9CCF00B803B5 /* MobileCoreServices.framework in Frameworks */ = {isa = PBXBuildFile; fileRef = AC0C72CA198E9CCF00B803B5 /* MobileCoreServices.framework */; };
		AC0C72CD198E9CD900B803B5 /* QuartzCore.framework in Frameworks */ = {isa = PBXBuildFile; fileRef = AC0C72CC198E9CD900B803B5 /* QuartzCore.framework */; };
		AC0C72CF198E9CE300B803B5 /* Security.framework in Frameworks */ = {isa = PBXBuildFile; fileRef = AC0C72CE198E9CE300B803B5 /* Security.framework */; };
		AC0C72D3198E9CF900B803B5 /* SystemConfiguration.framework in Frameworks */ = {isa = PBXBuildFile; fileRef = AC0C72D2198E9CF900B803B5 /* SystemConfiguration.framework */; };
		AC1545461A128D4D003F8443 /* libc++.dylib in Frameworks */ = {isa = PBXBuildFile; fileRef = AC1545451A128D4D003F8443 /* libc++.dylib */; };
		AC1545481A128D60003F8443 /* CoreMotion.framework in Frameworks */ = {isa = PBXBuildFile; fileRef = AC1545471A128D60003F8443 /* CoreMotion.framework */; };
		AC1B48F419AFCC9500C7B6B4 /* MessageUI.framework in Frameworks */ = {isa = PBXBuildFile; fileRef = AC1B48F319AFCC9500C7B6B4 /* MessageUI.framework */; };
		AC1B4B9419FEA91A00A8C721 /* NotesViewController.swift in Sources */ = {isa = PBXBuildFile; fileRef = AC1B4B9319FEA91A00A8C721 /* NotesViewController.swift */; };
		AC1B4B9619FEB54700A8C721 /* NotesManager.swift in Sources */ = {isa = PBXBuildFile; fileRef = AC1B4B9519FEB54700A8C721 /* NotesManager.swift */; };
		AC201B401A1A7D8F00735141 /* TSMessage_UDO.m in Sources */ = {isa = PBXBuildFile; fileRef = AC201B3F1A1A7D8F00735141 /* TSMessage_UDO.m */; };
		AC201B441A1A802200735141 /* APAddressBook_UDO.m in Sources */ = {isa = PBXBuildFile; fileRef = AC201B431A1A802200735141 /* APAddressBook_UDO.m */; };
		AC23E2DA1A098EF700643E25 /* LocalNotificationsManager.swift in Sources */ = {isa = PBXBuildFile; fileRef = AC23E2D91A098EF700643E25 /* LocalNotificationsManager.swift */; };
		AC2703AE1A1F7C7200DBE4FF /* ios_bg@2x.jpg in Resources */ = {isa = PBXBuildFile; fileRef = AC2703AD1A1F7C7200DBE4FF /* ios_bg@2x.jpg */; };
		AC316A921A08D87300D48915 /* Bolts.framework in Frameworks */ = {isa = PBXBuildFile; fileRef = AC316A901A08D87300D48915 /* Bolts.framework */; };
		AC316A931A08D87300D48915 /* Parse.framework in Frameworks */ = {isa = PBXBuildFile; fileRef = AC316A911A08D87300D48915 /* Parse.framework */; };
		AC34440E1A113A83001CF4A3 /* UDBadgeLabel.swift in Sources */ = {isa = PBXBuildFile; fileRef = AC34440D1A113A83001CF4A3 /* UDBadgeLabel.swift */; };
		AC743D1919EEFD98004E730F /* Theme.swift in Sources */ = {isa = PBXBuildFile; fileRef = AC743D1819EEFD98004E730F /* Theme.swift */; };
		AC792CB519F5AAE300702BAE /* Social.framework in Frameworks */ = {isa = PBXBuildFile; fileRef = AC792CB419F5AAE300702BAE /* Social.framework */; };
		AC792CB719F5AAE800702BAE /* Accounts.framework in Frameworks */ = {isa = PBXBuildFile; fileRef = AC792CB619F5AAE800702BAE /* Accounts.framework */; };
		AC7C4AD219D6D79C00BE25DC /* NSArray+LongestCommonSubsequence.m in Sources */ = {isa = PBXBuildFile; fileRef = AC7C4AD119D6D79C00BE25DC /* NSArray+LongestCommonSubsequence.m */; };
		AC857DB61A140B2F009D2DE5 /* UDContactImageView.swift in Sources */ = {isa = PBXBuildFile; fileRef = AC857DB51A140B2F009D2DE5 /* UDContactImageView.swift */; };
		AC857DBB1A14BC84009D2DE5 /* Crashlytics.framework in Frameworks */ = {isa = PBXBuildFile; fileRef = AC857DB91A14BC84009D2DE5 /* Crashlytics.framework */; };
		AC857DBC1A14BC84009D2DE5 /* Fabric.framework in Frameworks */ = {isa = PBXBuildFile; fileRef = AC857DBA1A14BC84009D2DE5 /* Fabric.framework */; };
		AC96C4051A019FB100231065 /* ISO8601DateFormatter.m in Sources */ = {isa = PBXBuildFile; fileRef = AC96C4041A019FB100231065 /* ISO8601DateFormatter.m */; settings = {COMPILER_FLAGS = "-fno-objc-arc"; }; };
		AC96C40C1A01A0E300231065 /* NSDate+ISO8601.m in Sources */ = {isa = PBXBuildFile; fileRef = AC96C40B1A01A0E300231065 /* NSDate+ISO8601.m */; };
		ACA0DEBA19DC21D00003B893 /* StaticDataTableViewController.m in Sources */ = {isa = PBXBuildFile; fileRef = ACA0DEB819DC21D00003B893 /* StaticDataTableViewController.m */; };
		ACAA0F951A17B78700AACCCB /* UDPopTipView.swift in Sources */ = {isa = PBXBuildFile; fileRef = ACAA0F941A17B78700AACCCB /* UDPopTipView.swift */; };
		ACAE74D219A7C69600072BF5 /* UIImage+ImageEffects.m in Sources */ = {isa = PBXBuildFile; fileRef = ACAE74D119A7C69600072BF5 /* UIImage+ImageEffects.m */; };
		ACBB74FD19EC700A00D44510 /* UIImage+Tint.m in Sources */ = {isa = PBXBuildFile; fileRef = ACBB74FC19EC700A00D44510 /* UIImage+Tint.m */; };
		ACBEF0D11A05075100549A5C /* UIImage+Resize.m in Sources */ = {isa = PBXBuildFile; fileRef = ACBEF0D01A05075100549A5C /* UIImage+Resize.m */; };
		ACD60AFE19C78886002F550A /* EventStoreManager.swift in Sources */ = {isa = PBXBuildFile; fileRef = ACD60AF119C78886002F550A /* EventStoreManager.swift */; };
		ACD60AFF19C78886002F550A /* RemindersMainViewController.swift in Sources */ = {isa = PBXBuildFile; fileRef = ACD60AF219C78886002F550A /* RemindersMainViewController.swift */; };
		ACD60B0019C78886002F550A /* AccountViewController.swift in Sources */ = {isa = PBXBuildFile; fileRef = ACD60AF319C78886002F550A /* AccountViewController.swift */; };
		ACD60B0A19C78886002F550A /* ContactsManager.swift in Sources */ = {isa = PBXBuildFile; fileRef = ACD60AFD19C78886002F550A /* ContactsManager.swift */; };
		ACDB1CBE19E88AE1007D731D /* SettingsTableViewController.swift in Sources */ = {isa = PBXBuildFile; fileRef = ACDB1CBD19E88AE1007D731D /* SettingsTableViewController.swift */; };
		ACDB1CC419EAB909007D731D /* ReminderManager.swift in Sources */ = {isa = PBXBuildFile; fileRef = ACDB1CC319EAB909007D731D /* ReminderManager.swift */; };
		ACE869221992CB5C00F26D67 /* ReminderViewController.swift in Sources */ = {isa = PBXBuildFile; fileRef = ACE869211992CB5C00F26D67 /* ReminderViewController.swift */; };
		ACF9BDEB19CEBE6C00E28504 /* UDOModels.swift in Sources */ = {isa = PBXBuildFile; fileRef = ACF9BDEA19CEBE6C00E28504 /* UDOModels.swift */; };
		ACFB6C2B198AB7BB0091E4AB /* AppDelegate.swift in Sources */ = {isa = PBXBuildFile; fileRef = ACFB6C2A198AB7BB0091E4AB /* AppDelegate.swift */; };
		ACFB6C32198AB7BB0091E4AB /* Main.storyboard in Resources */ = {isa = PBXBuildFile; fileRef = ACFB6C30198AB7BB0091E4AB /* Main.storyboard */; };
		ACFB6C34198AB7BB0091E4AB /* Images.xcassets in Resources */ = {isa = PBXBuildFile; fileRef = ACFB6C33198AB7BB0091E4AB /* Images.xcassets */; };
		ACFB6C40198AB7BC0091E4AB /* udoTests.swift in Sources */ = {isa = PBXBuildFile; fileRef = ACFB6C3F198AB7BC0091E4AB /* udoTests.swift */; };
		ACFB6C4A198ACE2E0091E4AB /* ContactsViewController.swift in Sources */ = {isa = PBXBuildFile; fileRef = ACFB6C49198ACE2E0091E4AB /* ContactsViewController.swift */; };
/* End PBXBuildFile section */

/* Begin PBXContainerItemProxy section */
		ACFB6C3A198AB7BC0091E4AB /* PBXContainerItemProxy */ = {
			isa = PBXContainerItemProxy;
			containerPortal = ACFB6C1D198AB7BB0091E4AB /* Project object */;
			proxyType = 1;
			remoteGlobalIDString = ACFB6C24198AB7BB0091E4AB;
			remoteInfo = udo;
		};
/* End PBXContainerItemProxy section */

/* Begin PBXFileReference section */
		96DBECB79310C88547A8F0CE /* Pods.release.xcconfig */ = {isa = PBXFileReference; includeInIndex = 1; lastKnownFileType = text.xcconfig; name = Pods.release.xcconfig; path = "Pods/Target Support Files/Pods/Pods.release.xcconfig"; sourceTree = "<group>"; };
		AC004E7E19AD1BED00970D00 /* ReminderItemCell.xib */ = {isa = PBXFileReference; fileEncoding = 4; lastKnownFileType = file.xib; path = ReminderItemCell.xib; sourceTree = "<group>"; };
		AC004E8219AE5F2400970D00 /* ReminderItemCell.swift */ = {isa = PBXFileReference; fileEncoding = 4; lastKnownFileType = sourcecode.swift; lineEnding = 0; path = ReminderItemCell.swift; sourceTree = "<group>"; xcLanguageSpecificationIdentifier = xcode.lang.swift; };
		AC00831419DDD70A002EC27C /* en */ = {isa = PBXFileReference; lastKnownFileType = text.plist.strings; name = en; path = en.lproj/MHPrettyDate.strings; sourceTree = "<group>"; };
		AC00831519DDD70A002EC27C /* MHPrettyDate-Prefix.pch */ = {isa = PBXFileReference; fileEncoding = 4; lastKnownFileType = sourcecode.c.h; path = "MHPrettyDate-Prefix.pch"; sourceTree = "<group>"; };
		AC00831619DDD70A002EC27C /* MHPrettyDate.h */ = {isa = PBXFileReference; fileEncoding = 4; lastKnownFileType = sourcecode.c.h; path = MHPrettyDate.h; sourceTree = "<group>"; };
		AC00831719DDD70A002EC27C /* MHPrettyDate.m */ = {isa = PBXFileReference; fileEncoding = 4; lastKnownFileType = sourcecode.c.objc; path = MHPrettyDate.m; sourceTree = "<group>"; };
		AC00831819DDD70A002EC27C /* nl */ = {isa = PBXFileReference; lastKnownFileType = text.plist.strings; name = nl; path = nl.lproj/MHPrettyDate.strings; sourceTree = "<group>"; };
		AC0C72AA198DA47200B803B5 /* UDO-Bridging-Header.h */ = {isa = PBXFileReference; lastKnownFileType = sourcecode.c.h; path = "UDO-Bridging-Header.h"; sourceTree = "<group>"; };
		AC0C72AD198E63E100B803B5 /* RegisterViewController.swift */ = {isa = PBXFileReference; fileEncoding = 4; lastKnownFileType = sourcecode.swift; path = RegisterViewController.swift; sourceTree = "<group>"; };
		AC0C72C0198E9C7A00B803B5 /* AudioToolbox.framework */ = {isa = PBXFileReference; lastKnownFileType = wrapper.framework; name = AudioToolbox.framework; path = System/Library/Frameworks/AudioToolbox.framework; sourceTree = SDKROOT; };
		AC0C72C2198E9C8700B803B5 /* CFNetwork.framework */ = {isa = PBXFileReference; lastKnownFileType = wrapper.framework; name = CFNetwork.framework; path = System/Library/Frameworks/CFNetwork.framework; sourceTree = SDKROOT; };
		AC0C72C4198E9C9400B803B5 /* CoreGraphics.framework */ = {isa = PBXFileReference; lastKnownFileType = wrapper.framework; name = CoreGraphics.framework; path = System/Library/Frameworks/CoreGraphics.framework; sourceTree = SDKROOT; };
		AC0C72C6198E9C9F00B803B5 /* CoreLocation.framework */ = {isa = PBXFileReference; lastKnownFileType = wrapper.framework; name = CoreLocation.framework; path = System/Library/Frameworks/CoreLocation.framework; sourceTree = SDKROOT; };
		AC0C72C8198E9CAA00B803B5 /* libz.dylib */ = {isa = PBXFileReference; lastKnownFileType = "compiled.mach-o.dylib"; name = libz.dylib; path = usr/lib/libz.dylib; sourceTree = SDKROOT; };
		AC0C72CA198E9CCF00B803B5 /* MobileCoreServices.framework */ = {isa = PBXFileReference; lastKnownFileType = wrapper.framework; name = MobileCoreServices.framework; path = System/Library/Frameworks/MobileCoreServices.framework; sourceTree = SDKROOT; };
		AC0C72CC198E9CD900B803B5 /* QuartzCore.framework */ = {isa = PBXFileReference; lastKnownFileType = wrapper.framework; name = QuartzCore.framework; path = System/Library/Frameworks/QuartzCore.framework; sourceTree = SDKROOT; };
		AC0C72CE198E9CE300B803B5 /* Security.framework */ = {isa = PBXFileReference; lastKnownFileType = wrapper.framework; name = Security.framework; path = System/Library/Frameworks/Security.framework; sourceTree = SDKROOT; };
		AC0C72D2198E9CF900B803B5 /* SystemConfiguration.framework */ = {isa = PBXFileReference; lastKnownFileType = wrapper.framework; name = SystemConfiguration.framework; path = System/Library/Frameworks/SystemConfiguration.framework; sourceTree = SDKROOT; };
		AC1545411A128D31003F8443 /* OpenGLES.framework */ = {isa = PBXFileReference; lastKnownFileType = wrapper.framework; name = OpenGLES.framework; path = System/Library/Frameworks/OpenGLES.framework; sourceTree = SDKROOT; };
		AC1545431A128D3E003F8443 /* GLKit.framework */ = {isa = PBXFileReference; lastKnownFileType = wrapper.framework; name = GLKit.framework; path = System/Library/Frameworks/GLKit.framework; sourceTree = SDKROOT; };
		AC1545451A128D4D003F8443 /* libc++.dylib */ = {isa = PBXFileReference; lastKnownFileType = "compiled.mach-o.dylib"; name = "libc++.dylib"; path = "usr/lib/libc++.dylib"; sourceTree = SDKROOT; };
		AC1545471A128D60003F8443 /* CoreMotion.framework */ = {isa = PBXFileReference; lastKnownFileType = wrapper.framework; name = CoreMotion.framework; path = System/Library/Frameworks/CoreMotion.framework; sourceTree = SDKROOT; };
		AC1B48F319AFCC9500C7B6B4 /* MessageUI.framework */ = {isa = PBXFileReference; lastKnownFileType = wrapper.framework; name = MessageUI.framework; path = System/Library/Frameworks/MessageUI.framework; sourceTree = SDKROOT; };
		AC1B4B9319FEA91A00A8C721 /* NotesViewController.swift */ = {isa = PBXFileReference; fileEncoding = 4; lastKnownFileType = sourcecode.swift; path = NotesViewController.swift; sourceTree = "<group>"; };
		AC1B4B9519FEB54700A8C721 /* NotesManager.swift */ = {isa = PBXFileReference; fileEncoding = 4; lastKnownFileType = sourcecode.swift; path = NotesManager.swift; sourceTree = "<group>"; };
		AC201B3E1A1A7C0F00735141 /* TSMessage_UDO.h */ = {isa = PBXFileReference; fileEncoding = 4; lastKnownFileType = sourcecode.c.h; path = TSMessage_UDO.h; sourceTree = "<group>"; };
		AC201B3F1A1A7D8F00735141 /* TSMessage_UDO.m */ = {isa = PBXFileReference; fileEncoding = 4; lastKnownFileType = sourcecode.c.objc; path = TSMessage_UDO.m; sourceTree = "<group>"; };
		AC201B421A1A7FB300735141 /* APAddressBook_UDO.h */ = {isa = PBXFileReference; fileEncoding = 4; lastKnownFileType = sourcecode.c.h; path = APAddressBook_UDO.h; sourceTree = "<group>"; };
		AC201B431A1A802200735141 /* APAddressBook_UDO.m */ = {isa = PBXFileReference; fileEncoding = 4; lastKnownFileType = sourcecode.c.objc; path = APAddressBook_UDO.m; sourceTree = "<group>"; };
		AC23E2D91A098EF700643E25 /* LocalNotificationsManager.swift */ = {isa = PBXFileReference; fileEncoding = 4; lastKnownFileType = sourcecode.swift; path = LocalNotificationsManager.swift; sourceTree = "<group>"; };
		AC2703AD1A1F7C7200DBE4FF /* ios_bg@2x.jpg */ = {isa = PBXFileReference; lastKnownFileType = image.jpeg; path = "ios_bg@2x.jpg"; sourceTree = "<group>"; };
		AC316A901A08D87300D48915 /* Bolts.framework */ = {isa = PBXFileReference; lastKnownFileType = wrapper.framework; path = Bolts.framework; sourceTree = "<group>"; };
		AC316A911A08D87300D48915 /* Parse.framework */ = {isa = PBXFileReference; lastKnownFileType = wrapper.framework; path = Parse.framework; sourceTree = "<group>"; };
		AC34440D1A113A83001CF4A3 /* UDBadgeLabel.swift */ = {isa = PBXFileReference; fileEncoding = 4; lastKnownFileType = sourcecode.swift; path = UDBadgeLabel.swift; sourceTree = "<group>"; };
		AC743D1819EEFD98004E730F /* Theme.swift */ = {isa = PBXFileReference; fileEncoding = 4; lastKnownFileType = sourcecode.swift; path = Theme.swift; sourceTree = "<group>"; };
		AC792CB419F5AAE300702BAE /* Social.framework */ = {isa = PBXFileReference; lastKnownFileType = wrapper.framework; name = Social.framework; path = System/Library/Frameworks/Social.framework; sourceTree = SDKROOT; };
		AC792CB619F5AAE800702BAE /* Accounts.framework */ = {isa = PBXFileReference; lastKnownFileType = wrapper.framework; name = Accounts.framework; path = System/Library/Frameworks/Accounts.framework; sourceTree = SDKROOT; };
		AC7C4AD019D6D79C00BE25DC /* NSArray+LongestCommonSubsequence.h */ = {isa = PBXFileReference; fileEncoding = 4; lastKnownFileType = sourcecode.c.h; path = "NSArray+LongestCommonSubsequence.h"; sourceTree = "<group>"; };
		AC7C4AD119D6D79C00BE25DC /* NSArray+LongestCommonSubsequence.m */ = {isa = PBXFileReference; fileEncoding = 4; lastKnownFileType = sourcecode.c.objc; path = "NSArray+LongestCommonSubsequence.m"; sourceTree = "<group>"; };
		AC857DB51A140B2F009D2DE5 /* UDContactImageView.swift */ = {isa = PBXFileReference; fileEncoding = 4; lastKnownFileType = sourcecode.swift; path = UDContactImageView.swift; sourceTree = "<group>"; };
		AC857DB91A14BC84009D2DE5 /* Crashlytics.framework */ = {isa = PBXFileReference; lastKnownFileType = wrapper.framework; path = Crashlytics.framework; sourceTree = "<group>"; };
		AC857DBA1A14BC84009D2DE5 /* Fabric.framework */ = {isa = PBXFileReference; lastKnownFileType = wrapper.framework; path = Fabric.framework; sourceTree = "<group>"; };
		AC96C4031A019FB100231065 /* ISO8601DateFormatter.h */ = {isa = PBXFileReference; fileEncoding = 4; lastKnownFileType = sourcecode.c.h; path = ISO8601DateFormatter.h; sourceTree = "<group>"; };
		AC96C4041A019FB100231065 /* ISO8601DateFormatter.m */ = {isa = PBXFileReference; fileEncoding = 4; lastKnownFileType = sourcecode.c.objc; path = ISO8601DateFormatter.m; sourceTree = "<group>"; };
		AC96C4091A01A09500231065 /* NSDate+ISO8601.h */ = {isa = PBXFileReference; fileEncoding = 4; lastKnownFileType = sourcecode.c.h; path = "NSDate+ISO8601.h"; sourceTree = "<group>"; };
		AC96C40B1A01A0E300231065 /* NSDate+ISO8601.m */ = {isa = PBXFileReference; fileEncoding = 4; lastKnownFileType = sourcecode.c.objc; path = "NSDate+ISO8601.m"; sourceTree = "<group>"; };
		ACA0DEB819DC21D00003B893 /* StaticDataTableViewController.m */ = {isa = PBXFileReference; fileEncoding = 4; lastKnownFileType = sourcecode.c.objc; path = StaticDataTableViewController.m; sourceTree = "<group>"; };
		ACA0DEB919DC21D00003B893 /* StaticDataTableViewController.h */ = {isa = PBXFileReference; fileEncoding = 4; lastKnownFileType = sourcecode.c.h; path = StaticDataTableViewController.h; sourceTree = "<group>"; };
		ACAA0F941A17B78700AACCCB /* UDPopTipView.swift */ = {isa = PBXFileReference; fileEncoding = 4; lastKnownFileType = sourcecode.swift; path = UDPopTipView.swift; sourceTree = "<group>"; };
		ACAE74D019A7C69600072BF5 /* UIImage+ImageEffects.h */ = {isa = PBXFileReference; fileEncoding = 4; lastKnownFileType = sourcecode.c.h; path = "UIImage+ImageEffects.h"; sourceTree = "<group>"; };
		ACAE74D119A7C69600072BF5 /* UIImage+ImageEffects.m */ = {isa = PBXFileReference; fileEncoding = 4; lastKnownFileType = sourcecode.c.objc; path = "UIImage+ImageEffects.m"; sourceTree = "<group>"; };
		ACBB74FB19EC700A00D44510 /* UIImage+Tint.h */ = {isa = PBXFileReference; fileEncoding = 4; lastKnownFileType = sourcecode.c.h; path = "UIImage+Tint.h"; sourceTree = "<group>"; };
		ACBB74FC19EC700A00D44510 /* UIImage+Tint.m */ = {isa = PBXFileReference; fileEncoding = 4; lastKnownFileType = sourcecode.c.objc; path = "UIImage+Tint.m"; sourceTree = "<group>"; };
		ACBEF0CF1A05075100549A5C /* UIImage+Resize.h */ = {isa = PBXFileReference; fileEncoding = 4; lastKnownFileType = sourcecode.c.h; path = "UIImage+Resize.h"; sourceTree = "<group>"; };
		ACBEF0D01A05075100549A5C /* UIImage+Resize.m */ = {isa = PBXFileReference; fileEncoding = 4; lastKnownFileType = sourcecode.c.objc; path = "UIImage+Resize.m"; sourceTree = "<group>"; };
		ACD60AF119C78886002F550A /* EventStoreManager.swift */ = {isa = PBXFileReference; fileEncoding = 4; lastKnownFileType = sourcecode.swift; lineEnding = 0; path = EventStoreManager.swift; sourceTree = "<group>"; xcLanguageSpecificationIdentifier = xcode.lang.swift; };
		ACD60AF219C78886002F550A /* RemindersMainViewController.swift */ = {isa = PBXFileReference; fileEncoding = 4; lastKnownFileType = sourcecode.swift; lineEnding = 0; path = RemindersMainViewController.swift; sourceTree = "<group>"; xcLanguageSpecificationIdentifier = xcode.lang.swift; };
		ACD60AF319C78886002F550A /* AccountViewController.swift */ = {isa = PBXFileReference; fileEncoding = 4; lastKnownFileType = sourcecode.swift; path = AccountViewController.swift; sourceTree = "<group>"; };
		ACD60AFD19C78886002F550A /* ContactsManager.swift */ = {isa = PBXFileReference; fileEncoding = 4; lastKnownFileType = sourcecode.swift; path = ContactsManager.swift; sourceTree = "<group>"; };
		ACDB1CBD19E88AE1007D731D /* SettingsTableViewController.swift */ = {isa = PBXFileReference; fileEncoding = 4; lastKnownFileType = sourcecode.swift; path = SettingsTableViewController.swift; sourceTree = "<group>"; };
		ACDB1CC319EAB909007D731D /* ReminderManager.swift */ = {isa = PBXFileReference; fileEncoding = 4; lastKnownFileType = sourcecode.swift; lineEnding = 0; path = ReminderManager.swift; sourceTree = "<group>"; xcLanguageSpecificationIdentifier = xcode.lang.swift; };
		ACE869211992CB5C00F26D67 /* ReminderViewController.swift */ = {isa = PBXFileReference; fileEncoding = 4; lastKnownFileType = sourcecode.swift; lineEnding = 0; path = ReminderViewController.swift; sourceTree = "<group>"; xcLanguageSpecificationIdentifier = xcode.lang.swift; };
		ACF9BDEA19CEBE6C00E28504 /* UDOModels.swift */ = {isa = PBXFileReference; fileEncoding = 4; lastKnownFileType = sourcecode.swift; path = UDOModels.swift; sourceTree = "<group>"; };
		ACFB6C25198AB7BB0091E4AB /* udo.app */ = {isa = PBXFileReference; explicitFileType = wrapper.application; includeInIndex = 0; path = udo.app; sourceTree = BUILT_PRODUCTS_DIR; };
		ACFB6C29198AB7BB0091E4AB /* Info.plist */ = {isa = PBXFileReference; lastKnownFileType = text.plist.xml; path = Info.plist; sourceTree = "<group>"; };
		ACFB6C2A198AB7BB0091E4AB /* AppDelegate.swift */ = {isa = PBXFileReference; lastKnownFileType = sourcecode.swift; lineEnding = 0; path = AppDelegate.swift; sourceTree = "<group>"; xcLanguageSpecificationIdentifier = xcode.lang.swift; };
		ACFB6C31198AB7BB0091E4AB /* Base */ = {isa = PBXFileReference; lastKnownFileType = file.storyboard; name = Base; path = Base.lproj/Main.storyboard; sourceTree = "<group>"; };
		ACFB6C33198AB7BB0091E4AB /* Images.xcassets */ = {isa = PBXFileReference; lastKnownFileType = folder.assetcatalog; path = Images.xcassets; sourceTree = "<group>"; };
		ACFB6C39198AB7BC0091E4AB /* udoTests.xctest */ = {isa = PBXFileReference; explicitFileType = wrapper.cfbundle; includeInIndex = 0; path = udoTests.xctest; sourceTree = BUILT_PRODUCTS_DIR; };
		ACFB6C3E198AB7BC0091E4AB /* Info.plist */ = {isa = PBXFileReference; lastKnownFileType = text.plist.xml; path = Info.plist; sourceTree = "<group>"; };
		ACFB6C3F198AB7BC0091E4AB /* udoTests.swift */ = {isa = PBXFileReference; lastKnownFileType = sourcecode.swift; path = udoTests.swift; sourceTree = "<group>"; };
		ACFB6C49198ACE2E0091E4AB /* ContactsViewController.swift */ = {isa = PBXFileReference; fileEncoding = 4; lastKnownFileType = sourcecode.swift; path = ContactsViewController.swift; sourceTree = "<group>"; };
		D19CCFE2A86D1D764998728B /* libPods.a */ = {isa = PBXFileReference; explicitFileType = archive.ar; includeInIndex = 0; path = libPods.a; sourceTree = BUILT_PRODUCTS_DIR; };
		F61170272850D2B0D70F3B34 /* Pods.debug.xcconfig */ = {isa = PBXFileReference; includeInIndex = 1; lastKnownFileType = text.xcconfig; name = Pods.debug.xcconfig; path = "Pods/Target Support Files/Pods/Pods.debug.xcconfig"; sourceTree = "<group>"; };
/* End PBXFileReference section */

/* Begin PBXFrameworksBuildPhase section */
		ACFB6C22198AB7BB0091E4AB /* Frameworks */ = {
			isa = PBXFrameworksBuildPhase;
			buildActionMask = 2147483647;
			files = (
				AC0C72CB198E9CCF00B803B5 /* MobileCoreServices.framework in Frameworks */,
				AC1545481A128D60003F8443 /* CoreMotion.framework in Frameworks */,
				AC857DBB1A14BC84009D2DE5 /* Crashlytics.framework in Frameworks */,
				AC1545461A128D4D003F8443 /* libc++.dylib in Frameworks */,
				AC316A921A08D87300D48915 /* Bolts.framework in Frameworks */,
				AC792CB719F5AAE800702BAE /* Accounts.framework in Frameworks */,
				AC792CB519F5AAE300702BAE /* Social.framework in Frameworks */,
				AC1B48F419AFCC9500C7B6B4 /* MessageUI.framework in Frameworks */,
				AC0C72D3198E9CF900B803B5 /* SystemConfiguration.framework in Frameworks */,
				AC316A931A08D87300D48915 /* Parse.framework in Frameworks */,
				AC857DBC1A14BC84009D2DE5 /* Fabric.framework in Frameworks */,
				AC0C72CF198E9CE300B803B5 /* Security.framework in Frameworks */,
				AC0C72CD198E9CD900B803B5 /* QuartzCore.framework in Frameworks */,
				AC0C72C9198E9CAA00B803B5 /* libz.dylib in Frameworks */,
				AC0C72C7198E9C9F00B803B5 /* CoreLocation.framework in Frameworks */,
				AC0C72C5198E9C9400B803B5 /* CoreGraphics.framework in Frameworks */,
				AC0C72C3198E9C8700B803B5 /* CFNetwork.framework in Frameworks */,
				AC0C72C1198E9C7A00B803B5 /* AudioToolbox.framework in Frameworks */,
				A02D787095438A4B71D691DA /* libPods.a in Frameworks */,
			);
			runOnlyForDeploymentPostprocessing = 0;
		};
		ACFB6C36198AB7BC0091E4AB /* Frameworks */ = {
			isa = PBXFrameworksBuildPhase;
			buildActionMask = 2147483647;
			files = (
			);
			runOnlyForDeploymentPostprocessing = 0;
		};
/* End PBXFrameworksBuildPhase section */

/* Begin PBXGroup section */
		36FDC76D215886310D2D8F69 /* Pods */ = {
			isa = PBXGroup;
			children = (
				F61170272850D2B0D70F3B34 /* Pods.debug.xcconfig */,
				96DBECB79310C88547A8F0CE /* Pods.release.xcconfig */,
			);
			name = Pods;
			sourceTree = "<group>";
		};
		5B42EC24A88DB5FA7D82FC5C /* Frameworks */ = {
			isa = PBXGroup;
			children = (
				AC857DB91A14BC84009D2DE5 /* Crashlytics.framework */,
				AC857DBA1A14BC84009D2DE5 /* Fabric.framework */,
				AC1545471A128D60003F8443 /* CoreMotion.framework */,
				AC1545451A128D4D003F8443 /* libc++.dylib */,
				AC1545431A128D3E003F8443 /* GLKit.framework */,
				AC1545411A128D31003F8443 /* OpenGLES.framework */,
				AC316A901A08D87300D48915 /* Bolts.framework */,
				AC316A911A08D87300D48915 /* Parse.framework */,
				AC1B48F319AFCC9500C7B6B4 /* MessageUI.framework */,
				AC0C72D2198E9CF900B803B5 /* SystemConfiguration.framework */,
				AC0C72CE198E9CE300B803B5 /* Security.framework */,
				AC0C72CC198E9CD900B803B5 /* QuartzCore.framework */,
				AC0C72CA198E9CCF00B803B5 /* MobileCoreServices.framework */,
				AC0C72C6198E9C9F00B803B5 /* CoreLocation.framework */,
				AC0C72C4198E9C9400B803B5 /* CoreGraphics.framework */,
				AC0C72C2198E9C8700B803B5 /* CFNetwork.framework */,
				AC0C72C0198E9C7A00B803B5 /* AudioToolbox.framework */,
				AC792CB619F5AAE800702BAE /* Accounts.framework */,
				AC792CB419F5AAE300702BAE /* Social.framework */,
				D19CCFE2A86D1D764998728B /* libPods.a */,
			);
			name = Frameworks;
			sourceTree = "<group>";
		};
		AC00831219DDD70A002EC27C /* MHPrettyDate */ = {
			isa = PBXGroup;
			children = (
				AC00831319DDD70A002EC27C /* MHPrettyDate.strings */,
				AC00831519DDD70A002EC27C /* MHPrettyDate-Prefix.pch */,
				AC00831619DDD70A002EC27C /* MHPrettyDate.h */,
				AC00831719DDD70A002EC27C /* MHPrettyDate.m */,
			);
			path = MHPrettyDate;
			sourceTree = "<group>";
		};
		AC201B3C1A1A7AC600735141 /* TSMessage+UDO */ = {
			isa = PBXGroup;
			children = (
				AC201B3E1A1A7C0F00735141 /* TSMessage_UDO.h */,
				AC201B3F1A1A7D8F00735141 /* TSMessage_UDO.m */,
			);
			name = "TSMessage+UDO";
			sourceTree = "<group>";
		};
		AC201B411A1A7E5300735141 /* APAddressBook+UDO */ = {
			isa = PBXGroup;
			children = (
				AC201B421A1A7FB300735141 /* APAddressBook_UDO.h */,
				AC201B431A1A802200735141 /* APAddressBook_UDO.m */,
			);
			name = "APAddressBook+UDO";
			sourceTree = "<group>";
		};
		AC2703AC1A1F7C6300DBE4FF /* Images */ = {
			isa = PBXGroup;
			children = (
				AC2703AD1A1F7C7200DBE4FF /* ios_bg@2x.jpg */,
			);
			name = Images;
			sourceTree = "<group>";
		};
		AC7C4AD319D6D7A300BE25DC /* NSArray+LongestCommonSubsequence */ = {
			isa = PBXGroup;
			children = (
				AC7C4AD019D6D79C00BE25DC /* NSArray+LongestCommonSubsequence.h */,
				AC7C4AD119D6D79C00BE25DC /* NSArray+LongestCommonSubsequence.m */,
			);
			name = "NSArray+LongestCommonSubsequence";
			sourceTree = "<group>";
		};
		AC96C4061A019FB700231065 /* ISO8601DateFormatter */ = {
			isa = PBXGroup;
			children = (
				AC96C4031A019FB100231065 /* ISO8601DateFormatter.h */,
				AC96C4041A019FB100231065 /* ISO8601DateFormatter.m */,
				AC96C4091A01A09500231065 /* NSDate+ISO8601.h */,
				AC96C40B1A01A0E300231065 /* NSDate+ISO8601.m */,
			);
			name = ISO8601DateFormatter;
			sourceTree = "<group>";
		};
		ACA0DEBB19DC21DB0003B893 /* StaticDataTableViewController */ = {
			isa = PBXGroup;
			children = (
				ACA0DEB819DC21D00003B893 /* StaticDataTableViewController.m */,
				ACA0DEB919DC21D00003B893 /* StaticDataTableViewController.h */,
			);
			name = StaticDataTableViewController;
			sourceTree = "<group>";
		};
		ACAE74D319A7C69C00072BF5 /* UIImage+ImageEffects */ = {
			isa = PBXGroup;
			children = (
				ACAE74D019A7C69600072BF5 /* UIImage+ImageEffects.h */,
				ACAE74D119A7C69600072BF5 /* UIImage+ImageEffects.m */,
			);
			name = "UIImage+ImageEffects";
			sourceTree = "<group>";
		};
		ACBB74FE19EC701100D44510 /* UIImage+ */ = {
			isa = PBXGroup;
			children = (
				ACBEF0CF1A05075100549A5C /* UIImage+Resize.h */,
				ACBEF0D01A05075100549A5C /* UIImage+Resize.m */,
				ACBB74FB19EC700A00D44510 /* UIImage+Tint.h */,
				ACBB74FC19EC700A00D44510 /* UIImage+Tint.m */,
			);
			name = "UIImage+";
			sourceTree = "<group>";
		};
		ACFB6C1C198AB7BB0091E4AB = {
			isa = PBXGroup;
			children = (
				AC0C72AA198DA47200B803B5 /* UDO-Bridging-Header.h */,
				ACFB6C27198AB7BB0091E4AB /* udo */,
				ACFB6C3C198AB7BC0091E4AB /* udoTests */,
				ACFB6C26198AB7BB0091E4AB /* Products */,
				AC0C72C8198E9CAA00B803B5 /* libz.dylib */,
				36FDC76D215886310D2D8F69 /* Pods */,
				5B42EC24A88DB5FA7D82FC5C /* Frameworks */,
			);
			sourceTree = "<group>";
		};
		ACFB6C26198AB7BB0091E4AB /* Products */ = {
			isa = PBXGroup;
			children = (
				ACFB6C25198AB7BB0091E4AB /* udo.app */,
				ACFB6C39198AB7BC0091E4AB /* udoTests.xctest */,
			);
			name = Products;
			sourceTree = "<group>";
		};
		ACFB6C27198AB7BB0091E4AB /* udo */ = {
			isa = PBXGroup;
			children = (
				AC23E2D91A098EF700643E25 /* LocalNotificationsManager.swift */,
				AC1B4B9519FEB54700A8C721 /* NotesManager.swift */,
				ACDB1CC319EAB909007D731D /* ReminderManager.swift */,
				ACD60AFD19C78886002F550A /* ContactsManager.swift */,
				ACF9BDEA19CEBE6C00E28504 /* UDOModels.swift */,
				ACD60AF119C78886002F550A /* EventStoreManager.swift */,
				ACD60AF319C78886002F550A /* AccountViewController.swift */,
				ACDB1CBD19E88AE1007D731D /* SettingsTableViewController.swift */,
				ACFB6C2A198AB7BB0091E4AB /* AppDelegate.swift */,
				ACFB6C49198ACE2E0091E4AB /* ContactsViewController.swift */,
				AC1B4B9319FEA91A00A8C721 /* NotesViewController.swift */,
				ACE869211992CB5C00F26D67 /* ReminderViewController.swift */,
				ACD60AF219C78886002F550A /* RemindersMainViewController.swift */,
				AC0C72AD198E63E100B803B5 /* RegisterViewController.swift */,
				ACFB6C30198AB7BB0091E4AB /* Main.storyboard */,
				AC004E8219AE5F2400970D00 /* ReminderItemCell.swift */,
				AC004E7E19AD1BED00970D00 /* ReminderItemCell.xib */,
				AC34440D1A113A83001CF4A3 /* UDBadgeLabel.swift */,
				AC743D1819EEFD98004E730F /* Theme.swift */,
				AC857DB51A140B2F009D2DE5 /* UDContactImageView.swift */,
				ACAA0F941A17B78700AACCCB /* UDPopTipView.swift */,
				AC201B411A1A7E5300735141 /* APAddressBook+UDO */,
				AC201B3C1A1A7AC600735141 /* TSMessage+UDO */,
				AC96C4061A019FB700231065 /* ISO8601DateFormatter */,
				ACBB74FE19EC701100D44510 /* UIImage+ */,
				AC00831219DDD70A002EC27C /* MHPrettyDate */,
				ACA0DEBB19DC21DB0003B893 /* StaticDataTableViewController */,
				AC7C4AD319D6D7A300BE25DC /* NSArray+LongestCommonSubsequence */,
				ACAE74D319A7C69C00072BF5 /* UIImage+ImageEffects */,
				ACFB6C33198AB7BB0091E4AB /* Images.xcassets */,
				AC2703AC1A1F7C6300DBE4FF /* Images */,
				ACFB6C28198AB7BB0091E4AB /* Supporting Files */,
			);
			path = udo;
			sourceTree = "<group>";
		};
		ACFB6C28198AB7BB0091E4AB /* Supporting Files */ = {
			isa = PBXGroup;
			children = (
				ACFB6C29198AB7BB0091E4AB /* Info.plist */,
			);
			name = "Supporting Files";
			sourceTree = "<group>";
		};
		ACFB6C3C198AB7BC0091E4AB /* udoTests */ = {
			isa = PBXGroup;
			children = (
				ACFB6C3F198AB7BC0091E4AB /* udoTests.swift */,
				ACFB6C3D198AB7BC0091E4AB /* Supporting Files */,
			);
			path = udoTests;
			sourceTree = "<group>";
		};
		ACFB6C3D198AB7BC0091E4AB /* Supporting Files */ = {
			isa = PBXGroup;
			children = (
				ACFB6C3E198AB7BC0091E4AB /* Info.plist */,
			);
			name = "Supporting Files";
			sourceTree = "<group>";
		};
/* End PBXGroup section */

/* Begin PBXNativeTarget section */
		ACFB6C24198AB7BB0091E4AB /* udo */ = {
			isa = PBXNativeTarget;
			buildConfigurationList = ACFB6C43198AB7BC0091E4AB /* Build configuration list for PBXNativeTarget "udo" */;
			buildPhases = (
				019ECE070B683DED449F9F88 /* Check Pods Manifest.lock */,
				ACFB6C21198AB7BB0091E4AB /* Sources */,
				ACFB6C22198AB7BB0091E4AB /* Frameworks */,
				ACFB6C23198AB7BB0091E4AB /* Resources */,
				00F3BCC7D99BB32DE72E94A7 /* Copy Pods Resources */,
				AC857DB81A14BC50009D2DE5 /* ShellScript */,
			);
			buildRules = (
			);
			dependencies = (
			);
			name = udo;
			productName = udo;
			productReference = ACFB6C25198AB7BB0091E4AB /* udo.app */;
			productType = "com.apple.product-type.application";
		};
		ACFB6C38198AB7BC0091E4AB /* udoTests */ = {
			isa = PBXNativeTarget;
			buildConfigurationList = ACFB6C46198AB7BC0091E4AB /* Build configuration list for PBXNativeTarget "udoTests" */;
			buildPhases = (
				ACFB6C35198AB7BC0091E4AB /* Sources */,
				ACFB6C36198AB7BC0091E4AB /* Frameworks */,
				ACFB6C37198AB7BC0091E4AB /* Resources */,
			);
			buildRules = (
			);
			dependencies = (
				ACFB6C3B198AB7BC0091E4AB /* PBXTargetDependency */,
			);
			name = udoTests;
			productName = udoTests;
			productReference = ACFB6C39198AB7BC0091E4AB /* udoTests.xctest */;
			productType = "com.apple.product-type.bundle.unit-test";
		};
/* End PBXNativeTarget section */

/* Begin PBXProject section */
		ACFB6C1D198AB7BB0091E4AB /* Project object */ = {
			isa = PBXProject;
			attributes = {
				LastUpgradeCheck = 0600;
				ORGANIZATIONNAME = "Osman Alpay";
				TargetAttributes = {
					ACFB6C24198AB7BB0091E4AB = {
						CreatedOnToolsVersion = 6.0;
						DevelopmentTeam = WV96VJ5JEN;
						SystemCapabilities = {
							com.apple.BackgroundModes = {
								enabled = 1;
							};
							com.apple.InAppPurchase = {
								enabled = 0;
							};
						};
					};
					ACFB6C38198AB7BC0091E4AB = {
						CreatedOnToolsVersion = 6.0;
						TestTargetID = ACFB6C24198AB7BB0091E4AB;
					};
				};
			};
			buildConfigurationList = ACFB6C20198AB7BB0091E4AB /* Build configuration list for PBXProject "udo" */;
			compatibilityVersion = "Xcode 3.2";
			developmentRegion = English;
			hasScannedForEncodings = 0;
			knownRegions = (
				en,
				Base,
				nl,
			);
			mainGroup = ACFB6C1C198AB7BB0091E4AB;
			productRefGroup = ACFB6C26198AB7BB0091E4AB /* Products */;
			projectDirPath = "";
			projectRoot = "";
			targets = (
				ACFB6C24198AB7BB0091E4AB /* udo */,
				ACFB6C38198AB7BC0091E4AB /* udoTests */,
			);
		};
/* End PBXProject section */

/* Begin PBXResourcesBuildPhase section */
		ACFB6C23198AB7BB0091E4AB /* Resources */ = {
			isa = PBXResourcesBuildPhase;
			buildActionMask = 2147483647;
			files = (
				ACFB6C32198AB7BB0091E4AB /* Main.storyboard in Resources */,
				AC00831919DDD70A002EC27C /* MHPrettyDate.strings in Resources */,
				AC004E7F19AD1BED00970D00 /* ReminderItemCell.xib in Resources */,
				AC2703AE1A1F7C7200DBE4FF /* ios_bg@2x.jpg in Resources */,
				ACFB6C34198AB7BB0091E4AB /* Images.xcassets in Resources */,
			);
			runOnlyForDeploymentPostprocessing = 0;
		};
		ACFB6C37198AB7BC0091E4AB /* Resources */ = {
			isa = PBXResourcesBuildPhase;
			buildActionMask = 2147483647;
			files = (
			);
			runOnlyForDeploymentPostprocessing = 0;
		};
/* End PBXResourcesBuildPhase section */

/* Begin PBXShellScriptBuildPhase section */
		00F3BCC7D99BB32DE72E94A7 /* Copy Pods Resources */ = {
			isa = PBXShellScriptBuildPhase;
			buildActionMask = 2147483647;
			files = (
			);
			inputPaths = (
			);
			name = "Copy Pods Resources";
			outputPaths = (
			);
			runOnlyForDeploymentPostprocessing = 0;
			shellPath = /bin/sh;
			shellScript = "\"${SRCROOT}/Pods/Target Support Files/Pods/Pods-resources.sh\"\n";
			showEnvVarsInLog = 0;
		};
		019ECE070B683DED449F9F88 /* Check Pods Manifest.lock */ = {
			isa = PBXShellScriptBuildPhase;
			buildActionMask = 2147483647;
			files = (
			);
			inputPaths = (
			);
			name = "Check Pods Manifest.lock";
			outputPaths = (
			);
			runOnlyForDeploymentPostprocessing = 0;
			shellPath = /bin/sh;
			shellScript = "diff \"${PODS_ROOT}/../Podfile.lock\" \"${PODS_ROOT}/Manifest.lock\" > /dev/null\nif [[ $? != 0 ]] ; then\n    cat << EOM\nerror: The sandbox is not in sync with the Podfile.lock. Run 'pod install' or update your CocoaPods installation.\nEOM\n    exit 1\nfi\n";
			showEnvVarsInLog = 0;
		};
		AC857DB81A14BC50009D2DE5 /* ShellScript */ = {
			isa = PBXShellScriptBuildPhase;
			buildActionMask = 2147483647;
			files = (
			);
			inputPaths = (
			);
			outputPaths = (
			);
			runOnlyForDeploymentPostprocessing = 0;
			shellPath = /bin/sh;
			shellScript = "./Fabric.framework/run 70afe02489a100d561d206c6a7dbb27d9da25f72 8a2398a1480c4708dd5ab90e12491b8bfac1686a640eb6d7df0e33a0d3e588e6";
		};
/* End PBXShellScriptBuildPhase section */

/* Begin PBXSourcesBuildPhase section */
		ACFB6C21198AB7BB0091E4AB /* Sources */ = {
			isa = PBXSourcesBuildPhase;
			buildActionMask = 2147483647;
			files = (
				AC743D1919EEFD98004E730F /* Theme.swift in Sources */,
				ACAA0F951A17B78700AACCCB /* UDPopTipView.swift in Sources */,
				ACF9BDEB19CEBE6C00E28504 /* UDOModels.swift in Sources */,
				AC857DB61A140B2F009D2DE5 /* UDContactImageView.swift in Sources */,
				AC004E8319AE5F2400970D00 /* ReminderItemCell.swift in Sources */,
				AC201B441A1A802200735141 /* APAddressBook_UDO.m in Sources */,
				ACD60B0019C78886002F550A /* AccountViewController.swift in Sources */,
				ACBB74FD19EC700A00D44510 /* UIImage+Tint.m in Sources */,
				ACD60B0A19C78886002F550A /* ContactsManager.swift in Sources */,
				AC1B4B9619FEB54700A8C721 /* NotesManager.swift in Sources */,
				ACE869221992CB5C00F26D67 /* ReminderViewController.swift in Sources */,
				ACDB1CC419EAB909007D731D /* ReminderManager.swift in Sources */,
				ACA0DEBA19DC21D00003B893 /* StaticDataTableViewController.m in Sources */,
				AC23E2DA1A098EF700643E25 /* LocalNotificationsManager.swift in Sources */,
				AC201B401A1A7D8F00735141 /* TSMessage_UDO.m in Sources */,
				AC00831A19DDD70A002EC27C /* MHPrettyDate.m in Sources */,
				AC34440E1A113A83001CF4A3 /* UDBadgeLabel.swift in Sources */,
				AC0C72AE198E63E100B803B5 /* RegisterViewController.swift in Sources */,
				ACFB6C4A198ACE2E0091E4AB /* ContactsViewController.swift in Sources */,
				ACD60AFE19C78886002F550A /* EventStoreManager.swift in Sources */,
				AC96C40C1A01A0E300231065 /* NSDate+ISO8601.m in Sources */,
				AC96C4051A019FB100231065 /* ISO8601DateFormatter.m in Sources */,
				ACBEF0D11A05075100549A5C /* UIImage+Resize.m in Sources */,
				ACD60AFF19C78886002F550A /* RemindersMainViewController.swift in Sources */,
				AC7C4AD219D6D79C00BE25DC /* NSArray+LongestCommonSubsequence.m in Sources */,
				AC1B4B9419FEA91A00A8C721 /* NotesViewController.swift in Sources */,
				ACAE74D219A7C69600072BF5 /* UIImage+ImageEffects.m in Sources */,
				ACDB1CBE19E88AE1007D731D /* SettingsTableViewController.swift in Sources */,
				ACFB6C2B198AB7BB0091E4AB /* AppDelegate.swift in Sources */,
			);
			runOnlyForDeploymentPostprocessing = 0;
		};
		ACFB6C35198AB7BC0091E4AB /* Sources */ = {
			isa = PBXSourcesBuildPhase;
			buildActionMask = 2147483647;
			files = (
				ACFB6C40198AB7BC0091E4AB /* udoTests.swift in Sources */,
			);
			runOnlyForDeploymentPostprocessing = 0;
		};
/* End PBXSourcesBuildPhase section */

/* Begin PBXTargetDependency section */
		ACFB6C3B198AB7BC0091E4AB /* PBXTargetDependency */ = {
			isa = PBXTargetDependency;
			target = ACFB6C24198AB7BB0091E4AB /* udo */;
			targetProxy = ACFB6C3A198AB7BC0091E4AB /* PBXContainerItemProxy */;
		};
/* End PBXTargetDependency section */

/* Begin PBXVariantGroup section */
		AC00831319DDD70A002EC27C /* MHPrettyDate.strings */ = {
			isa = PBXVariantGroup;
			children = (
				AC00831419DDD70A002EC27C /* en */,
				AC00831819DDD70A002EC27C /* nl */,
			);
			name = MHPrettyDate.strings;
			sourceTree = "<group>";
		};
		ACFB6C30198AB7BB0091E4AB /* Main.storyboard */ = {
			isa = PBXVariantGroup;
			children = (
				ACFB6C31198AB7BB0091E4AB /* Base */,
			);
			name = Main.storyboard;
			sourceTree = "<group>";
		};
/* End PBXVariantGroup section */

/* Begin XCBuildConfiguration section */
		ACFB6C41198AB7BC0091E4AB /* Debug */ = {
			isa = XCBuildConfiguration;
			buildSettings = {
				ALWAYS_SEARCH_USER_PATHS = NO;
				CLANG_CXX_LANGUAGE_STANDARD = "gnu++0x";
				CLANG_CXX_LIBRARY = "libc++";
				CLANG_ENABLE_MODULES = YES;
				CLANG_ENABLE_OBJC_ARC = YES;
				CLANG_WARN_BOOL_CONVERSION = YES;
				CLANG_WARN_CONSTANT_CONVERSION = YES;
				CLANG_WARN_DIRECT_OBJC_ISA_USAGE = YES_ERROR;
				CLANG_WARN_EMPTY_BODY = YES;
				CLANG_WARN_ENUM_CONVERSION = YES;
				CLANG_WARN_INT_CONVERSION = YES;
				CLANG_WARN_OBJC_ROOT_CLASS = YES_ERROR;
				CLANG_WARN_UNREACHABLE_CODE = YES;
				CLANG_WARN__DUPLICATE_METHOD_MATCH = YES;
				"CODE_SIGN_IDENTITY[sdk=iphoneos*]" = "iPhone Developer";
				COPY_PHASE_STRIP = NO;
				ENABLE_STRICT_OBJC_MSGSEND = YES;
				GCC_C_LANGUAGE_STANDARD = gnu99;
				GCC_DYNAMIC_NO_PIC = NO;
				GCC_OPTIMIZATION_LEVEL = 0;
				GCC_PREPROCESSOR_DEFINITIONS = (
					"DEBUG=1",
					"$(inherited)",
				);
				GCC_SYMBOLS_PRIVATE_EXTERN = NO;
				GCC_WARN_64_TO_32_BIT_CONVERSION = YES;
				GCC_WARN_ABOUT_RETURN_TYPE = YES_ERROR;
				GCC_WARN_UNDECLARED_SELECTOR = YES;
				GCC_WARN_UNINITIALIZED_AUTOS = YES_AGGRESSIVE;
				GCC_WARN_UNUSED_FUNCTION = YES;
				GCC_WARN_UNUSED_VARIABLE = YES;
				IPHONEOS_DEPLOYMENT_TARGET = 8.0;
				MTL_ENABLE_DEBUG_INFO = YES;
				ONLY_ACTIVE_ARCH = YES;
				SDKROOT = iphoneos;
				SWIFT_OPTIMIZATION_LEVEL = "-Onone";
				TARGETED_DEVICE_FAMILY = "1,2";
			};
			name = Debug;
		};
		ACFB6C42198AB7BC0091E4AB /* Release */ = {
			isa = XCBuildConfiguration;
			buildSettings = {
				ALWAYS_SEARCH_USER_PATHS = NO;
				CLANG_CXX_LANGUAGE_STANDARD = "gnu++0x";
				CLANG_CXX_LIBRARY = "libc++";
				CLANG_ENABLE_MODULES = YES;
				CLANG_ENABLE_OBJC_ARC = YES;
				CLANG_WARN_BOOL_CONVERSION = YES;
				CLANG_WARN_CONSTANT_CONVERSION = YES;
				CLANG_WARN_DIRECT_OBJC_ISA_USAGE = YES_ERROR;
				CLANG_WARN_EMPTY_BODY = YES;
				CLANG_WARN_ENUM_CONVERSION = YES;
				CLANG_WARN_INT_CONVERSION = YES;
				CLANG_WARN_OBJC_ROOT_CLASS = YES_ERROR;
				CLANG_WARN_UNREACHABLE_CODE = YES;
				CLANG_WARN__DUPLICATE_METHOD_MATCH = YES;
				"CODE_SIGN_IDENTITY[sdk=iphoneos*]" = "iPhone Developer";
				COPY_PHASE_STRIP = YES;
				ENABLE_NS_ASSERTIONS = NO;
				ENABLE_STRICT_OBJC_MSGSEND = YES;
				GCC_C_LANGUAGE_STANDARD = gnu99;
				GCC_WARN_64_TO_32_BIT_CONVERSION = YES;
				GCC_WARN_ABOUT_RETURN_TYPE = YES_ERROR;
				GCC_WARN_UNDECLARED_SELECTOR = YES;
				GCC_WARN_UNINITIALIZED_AUTOS = YES_AGGRESSIVE;
				GCC_WARN_UNUSED_FUNCTION = YES;
				GCC_WARN_UNUSED_VARIABLE = YES;
				IPHONEOS_DEPLOYMENT_TARGET = 8.0;
				MTL_ENABLE_DEBUG_INFO = NO;
				SDKROOT = iphoneos;
				TARGETED_DEVICE_FAMILY = "1,2";
				VALIDATE_PRODUCT = YES;
			};
			name = Release;
		};
		ACFB6C44198AB7BC0091E4AB /* Debug */ = {
			isa = XCBuildConfiguration;
			baseConfigurationReference = F61170272850D2B0D70F3B34 /* Pods.debug.xcconfig */;
			buildSettings = {
				ASSETCATALOG_COMPILER_APPICON_NAME = AppIcon;
				ASSETCATALOG_COMPILER_LAUNCHIMAGE_NAME = LaunchImage;
				CODE_SIGN_IDENTITY = "iPhone Developer";
				"CODE_SIGN_IDENTITY[sdk=iphoneos*]" = "iOS Development: Osman Alpay (T6X53N3HV4)";
				FRAMEWORK_SEARCH_PATHS = (
					"$(inherited)",
					"$(PROJECT_DIR)",
					"$(PROJECT_DIR)/udo",
				);
				INFOPLIST_FILE = udo/Info.plist;
				IPHONEOS_DEPLOYMENT_TARGET = 7.1;
				LD_RUNPATH_SEARCH_PATHS = "$(inherited) @executable_path/Frameworks";
				PRODUCT_NAME = "$(TARGET_NAME)";
				PROVISIONING_PROFILE = "8efd8e7d-0c37-4370-a38a-36e424c588e6";
				SWIFT_OBJC_BRIDGING_HEADER = "UDO-Bridging-Header.h";
				"SWIFT_OBJC_BRIDGING_HEADER[arch=*]" = "UDO-Bridging-Header.h";
				TARGETED_DEVICE_FAMILY = 1;
			};
			name = Debug;
		};
		ACFB6C45198AB7BC0091E4AB /* Release */ = {
			isa = XCBuildConfiguration;
			baseConfigurationReference = 96DBECB79310C88547A8F0CE /* Pods.release.xcconfig */;
			buildSettings = {
				ASSETCATALOG_COMPILER_APPICON_NAME = AppIcon;
				ASSETCATALOG_COMPILER_LAUNCHIMAGE_NAME = LaunchImage;
				CODE_SIGN_IDENTITY = "iPhone Distribution";
				"CODE_SIGN_IDENTITY[sdk=iphoneos*]" = "iOS Distribution: Osman Alpay";
				FRAMEWORK_SEARCH_PATHS = (
					"$(inherited)",
					"$(PROJECT_DIR)",
					"$(PROJECT_DIR)/udo",
				);
				INFOPLIST_FILE = udo/Info.plist;
				IPHONEOS_DEPLOYMENT_TARGET = 7.1;
				LD_RUNPATH_SEARCH_PATHS = "$(inherited) @executable_path/Frameworks";
				PRODUCT_NAME = "$(TARGET_NAME)";
				PROVISIONING_PROFILE = "8efd8e7d-0c37-4370-a38a-36e424c588e6";
				"SWIFT_OBJC_BRIDGING_HEADER[arch=*]" = "UDO-Bridging-Header.h";
				TARGETED_DEVICE_FAMILY = 1;
			};
			name = Release;
		};
		ACFB6C47198AB7BC0091E4AB /* Debug */ = {
			isa = XCBuildConfiguration;
			buildSettings = {
				BUNDLE_LOADER = "$(BUILT_PRODUCTS_DIR)/udo.app/udo";
				FRAMEWORK_SEARCH_PATHS = (
					"$(SDKROOT)/Developer/Library/Frameworks",
					"$(inherited)",
				);
				GCC_PREPROCESSOR_DEFINITIONS = (
					"DEBUG=1",
					"$(inherited)",
				);
				INFOPLIST_FILE = udoTests/Info.plist;
				LD_RUNPATH_SEARCH_PATHS = "$(inherited) @executable_path/Frameworks @loader_path/Frameworks";
				PRODUCT_NAME = "$(TARGET_NAME)";
				TEST_HOST = "$(BUNDLE_LOADER)";
			};
			name = Debug;
		};
		ACFB6C48198AB7BC0091E4AB /* Release */ = {
			isa = XCBuildConfiguration;
			buildSettings = {
				BUNDLE_LOADER = "$(BUILT_PRODUCTS_DIR)/udo.app/udo";
				FRAMEWORK_SEARCH_PATHS = (
					"$(SDKROOT)/Developer/Library/Frameworks",
					"$(inherited)",
				);
				INFOPLIST_FILE = udoTests/Info.plist;
				LD_RUNPATH_SEARCH_PATHS = "$(inherited) @executable_path/Frameworks @loader_path/Frameworks";
				PRODUCT_NAME = "$(TARGET_NAME)";
				TEST_HOST = "$(BUNDLE_LOADER)";
			};
			name = Release;
		};
/* End XCBuildConfiguration section */

/* Begin XCConfigurationList section */
		ACFB6C20198AB7BB0091E4AB /* Build configuration list for PBXProject "udo" */ = {
			isa = XCConfigurationList;
			buildConfigurations = (
				ACFB6C41198AB7BC0091E4AB /* Debug */,
				ACFB6C42198AB7BC0091E4AB /* Release */,
			);
			defaultConfigurationIsVisible = 0;
			defaultConfigurationName = Release;
		};
		ACFB6C43198AB7BC0091E4AB /* Build configuration list for PBXNativeTarget "udo" */ = {
			isa = XCConfigurationList;
			buildConfigurations = (
				ACFB6C44198AB7BC0091E4AB /* Debug */,
				ACFB6C45198AB7BC0091E4AB /* Release */,
			);
			defaultConfigurationIsVisible = 0;
			defaultConfigurationName = Release;
		};
		ACFB6C46198AB7BC0091E4AB /* Build configuration list for PBXNativeTarget "udoTests" */ = {
			isa = XCConfigurationList;
			buildConfigurations = (
				ACFB6C47198AB7BC0091E4AB /* Debug */,
				ACFB6C48198AB7BC0091E4AB /* Release */,
			);
			defaultConfigurationIsVisible = 0;
			defaultConfigurationName = Release;
		};
/* End XCConfigurationList section */
	};
	rootObject = ACFB6C1D198AB7BB0091E4AB /* Project object */;
}
